
Microsoft Visual Studio Solution File, Format Version 12.00
# Visual Studio 15
VisualStudioVersion = 15.0.28307.1209
MinimumVisualStudioVersion = 10.0.40219.1
Project("{FAE04EC0-301F-11D3-BF4B-00C04F79EFBC}") = "WindowsFormsApp1", "WindowsFormsApp1\WindowsFormsApp1.csproj", "{FD061E26-D1C6-421F-ADD7-54C20521AEC3}"
EndProject
Global
	GlobalSection(SolutionConfigurationPlatforms) = preSolution
		Debug|Any CPU = Debug|Any CPU
		Release|Any CPU = Release|Any CPU
	EndGlobalSection
	GlobalSection(ProjectConfigurationPlatforms) = postSolution
		{FD061E26-D1C6-421F-ADD7-54C20521AEC3}.Debug|Any CPU.ActiveCfg = Debug|Any CPU
		{FD061E26-D1C6-421F-ADD7-54C20521AEC3}.Debug|Any CPU.Build.0 = Debug|Any CPU
		{FD061E26-D1C6-421F-ADD7-54C20521AEC3}.Release|Any CPU.ActiveCfg = Release|Any CPU
		{FD061E26-D1C6-421F-ADD7-54C20521AEC3}.Release|Any CPU.Build.0 = Release|Any CPU
	EndGlobalSection
	GlobalSection(SolutionProperties) = preSolution
		HideSolutionNode = FALSE
	EndGlobalSection
	GlobalSection(ExtensibilityGlobals) = postSolution
		SolutionGuid = {637CBCC8-7723-44CC-98E2-B979692BFA67}
	EndGlobalSection
EndGlobal
