
Microsoft Visual Studio Solution File, Format Version 12.00
# Visual Studio 15
VisualStudioVersion = 15.0.28307.1209
MinimumVisualStudioVersion = 10.0.40219.1
Project("{2150E333-8FDC-42A3-9474-1A3956D46DE8}") = "Class and DLL", "Class and DLL", "{78D31368-C759-4CE1-A4DC-BF4D260441AD}"
EndProject
Project("{FAE04EC0-301F-11D3-BF4B-00C04F79EFBC}") = "Class and DLL", "Class and DLL\Class and DLL.csproj", "{E669A4CC-1A0A-4E45-928F-832A07DA67F0}"
EndProject
Project("{FAE04EC0-301F-11D3-BF4B-00C04F79EFBC}") = "DLL_extern_Cs", "Class and DLL\DLL_extern_Cs.csproj", "{644E30D4-22BC-49D3-A236-7750968BC607}"
EndProject
Project("{8BC9CEB8-8B4A-11D0-8D11-00A0C91BC942}") = "DLL_extern_Cpp", "Class and DLL\extern DLL\DLL_extern_Cpp\Dll1\Dll1.vcxproj", "{50AE53CE-6343-46A4-AB28-E0E506618D52}"
EndProject
Project("{2150E333-8FDC-42A3-9474-1A3956D46DE8}") = "Class and object", "Class and object", "{7BB2CFD5-B01B-4C37-A538-76F7777E5C70}"
EndProject
Project("{FAE04EC0-301F-11D3-BF4B-00C04F79EFBC}") = "Class and object", "Class and object\Class and object.csproj", "{758D5BA3-F328-4133-92BF-404FFD810986}"
EndProject
Project("{2150E333-8FDC-42A3-9474-1A3956D46DE8}") = "Type-test", "Type-test", "{595DEC23-E8B4-464C-9CD5-A63C2A9E9147}"
EndProject
Project("{2150E333-8FDC-42A3-9474-1A3956D46DE8}") = "Fun-test", "Fun-test", "{3DE8F185-9F64-4177-BBEC-509B98218C07}"
EndProject
Project("{FAE04EC0-301F-11D3-BF4B-00C04F79EFBC}") = "Fun-test", "Fun-test\Fun-test\Fun-test.csproj", "{3F16BD44-FA49-43A4-86C5-224B540878FE}"
EndProject
Project("{8BC9CEB8-8B4A-11D0-8D11-00A0C91BC942}") = "Fun-test-cpp", "Fun-test\Fun-test-cpp\Fun-test-cpp.vcxproj", "{CC2DBABE-8D85-4E64-A056-BB9801464C2B}"
EndProject
Project("{FAE04EC0-301F-11D3-BF4B-00C04F79EFBC}") = "type-test", "Type-test\type-test.csproj", "{1C0C4AB5-8950-4277-82C3-0589E8890454}"
EndProject
Project("{2150E333-8FDC-42A3-9474-1A3956D46DE8}") = "Hello world", "Hello world", "{A8C897FA-141C-4267-A18E-2BB0FBB36385}"
EndProject
Project("{FAE04EC0-301F-11D3-BF4B-00C04F79EFBC}") = "ConsoleApp1", "Hello world\ConsoleApp1\ConsoleApp1.csproj", "{62E8BF59-5ED5-4615-AEF5-A02232FC50FB}"
EndProject
Project("{FAE04EC0-301F-11D3-BF4B-00C04F79EFBC}") = "WindowsFormsApp1", "Hello world\WindowsFormsApp1\WindowsFormsApp1.csproj", "{FD061E26-D1C6-421F-ADD7-54C20521AEC3}"
EndProject
Project("{FAE04EC0-301F-11D3-BF4B-00C04F79EFBC}") = "WpfApp1", "Hello world\WpfApp1\WpfApp1.csproj", "{84F9271B-8670-4CE0-8D93-F7327B721878}"
EndProject
Project("{2150E333-8FDC-42A3-9474-1A3956D46DE8}") = "Operator-test", "Operator-test", "{963E5A7D-5C41-4096-B233-46B17D5A83AD}"
EndProject
Project("{FAE04EC0-301F-11D3-BF4B-00C04F79EFBC}") = "Operator-test", "Operator-test\Operator-test.csproj", "{754F896A-A85F-44C3-8CA5-4B20AEED2F18}"
EndProject
Project("{2150E333-8FDC-42A3-9474-1A3956D46DE8}") = "_Demo", "_Demo", "{E3364B62-7C65-4ED4-AC18-10CC1A197DB4}"
EndProject
Project("{FAE04EC0-301F-11D3-BF4B-00C04F79EFBC}") = "Demo_Dictionary and list", "Demo\Demo_Dictionary and list\Demo_Dictionary and list.csproj", "{990AC309-5AA6-49F6-AB0E-0EE382BA6BB6}"
EndProject
Project("{FAE04EC0-301F-11D3-BF4B-00C04F79EFBC}") = "Demo_LoadDLL", "Demo\Demo_LoadDLL\Demo_LoadDLL.csproj", "{368BC4A2-AC2C-4761-A19B-570A9E0B1360}"
EndProject
Project("{FAE04EC0-301F-11D3-BF4B-00C04F79EFBC}") = "Demo_Overload", "Demo\Demo_Overload\Demo_Overload.csproj", "{B6BCCE63-F9B7-4146-8B08-E868D863F234}"
EndProject
Project("{2150E333-8FDC-42A3-9474-1A3956D46DE8}") = "Important-test", "Important-test", "{1AAADC47-DCBA-4080-A082-8F3207E39FE1}"
EndProject
Project("{FAE04EC0-301F-11D3-BF4B-00C04F79EFBC}") = "Important", "Important\Important.csproj", "{C572C586-7F9A-40DA-A562-4534D880DD54}"
EndProject
Project("{2150E333-8FDC-42A3-9474-1A3956D46DE8}") = "TEST", "TEST", "{55B7E810-E8EC-4E73-BE81-4B0D7A2BD6EE}"
EndProject
Project("{FAE04EC0-301F-11D3-BF4B-00C04F79EFBC}") = "TEST", "TEST\TEST.csproj", "{1A053F22-C226-44DB-854D-9A684EDEEA3A}"
EndProject
Project("{2150E333-8FDC-42A3-9474-1A3956D46DE8}") = "Param-test", "Param-test", "{7B40B487-F54B-4DB2-B97A-30A5A2CD3AD8}"
EndProject
Project("{FAE04EC0-301F-11D3-BF4B-00C04F79EFBC}") = "Param-test", "Param-test\Param-test.csproj", "{85EE01DA-A88F-471B-B574-45FF5DF15C0F}"
EndProject
Project("{2150E333-8FDC-42A3-9474-1A3956D46DE8}") = "Delegate-test", "Delegate-test", "{CD6755D8-8E42-48FC-A24B-1FAEE52FEF63}"
EndProject
Project("{FAE04EC0-301F-11D3-BF4B-00C04F79EFBC}") = "Delegate-test", "ConsoleApp2\Delegate-test.csproj", "{81D67C0D-560D-47B3-A1CA-7C0CCC482B07}"
EndProject
Project("{FAE04EC0-301F-11D3-BF4B-00C04F79EFBC}") = "Demo_My events", "Demo_My events\Demo_My events.csproj", "{610EB7F9-339B-463D-8224-8E9791A76D04}"
EndProject
Global
	GlobalSection(SolutionConfigurationPlatforms) = preSolution
		Debug|Any CPU = Debug|Any CPU
		Debug|x64 = Debug|x64
		Debug|x86 = Debug|x86
		Release|Any CPU = Release|Any CPU
		Release|x64 = Release|x64
		Release|x86 = Release|x86
	EndGlobalSection
	GlobalSection(ProjectConfigurationPlatforms) = postSolution
		{E669A4CC-1A0A-4E45-928F-832A07DA67F0}.Debug|Any CPU.ActiveCfg = Debug|Any CPU
		{E669A4CC-1A0A-4E45-928F-832A07DA67F0}.Debug|Any CPU.Build.0 = Debug|Any CPU
		{E669A4CC-1A0A-4E45-928F-832A07DA67F0}.Debug|x64.ActiveCfg = Debug|Any CPU
		{E669A4CC-1A0A-4E45-928F-832A07DA67F0}.Debug|x64.Build.0 = Debug|Any CPU
		{E669A4CC-1A0A-4E45-928F-832A07DA67F0}.Debug|x86.ActiveCfg = Debug|Any CPU
		{E669A4CC-1A0A-4E45-928F-832A07DA67F0}.Debug|x86.Build.0 = Debug|Any CPU
		{E669A4CC-1A0A-4E45-928F-832A07DA67F0}.Release|Any CPU.ActiveCfg = Release|Any CPU
		{E669A4CC-1A0A-4E45-928F-832A07DA67F0}.Release|Any CPU.Build.0 = Release|Any CPU
		{E669A4CC-1A0A-4E45-928F-832A07DA67F0}.Release|x64.ActiveCfg = Release|Any CPU
		{E669A4CC-1A0A-4E45-928F-832A07DA67F0}.Release|x64.Build.0 = Release|Any CPU
		{E669A4CC-1A0A-4E45-928F-832A07DA67F0}.Release|x86.ActiveCfg = Release|Any CPU
		{E669A4CC-1A0A-4E45-928F-832A07DA67F0}.Release|x86.Build.0 = Release|Any CPU
		{644E30D4-22BC-49D3-A236-7750968BC607}.Debug|Any CPU.ActiveCfg = Debug|Any CPU
		{644E30D4-22BC-49D3-A236-7750968BC607}.Debug|Any CPU.Build.0 = Debug|Any CPU
		{644E30D4-22BC-49D3-A236-7750968BC607}.Debug|x64.ActiveCfg = Debug|Any CPU
		{644E30D4-22BC-49D3-A236-7750968BC607}.Debug|x64.Build.0 = Debug|Any CPU
		{644E30D4-22BC-49D3-A236-7750968BC607}.Debug|x86.ActiveCfg = Debug|Any CPU
		{644E30D4-22BC-49D3-A236-7750968BC607}.Debug|x86.Build.0 = Debug|Any CPU
		{644E30D4-22BC-49D3-A236-7750968BC607}.Release|Any CPU.ActiveCfg = Release|Any CPU
		{644E30D4-22BC-49D3-A236-7750968BC607}.Release|Any CPU.Build.0 = Release|Any CPU
		{644E30D4-22BC-49D3-A236-7750968BC607}.Release|x64.ActiveCfg = Release|Any CPU
		{644E30D4-22BC-49D3-A236-7750968BC607}.Release|x64.Build.0 = Release|Any CPU
		{644E30D4-22BC-49D3-A236-7750968BC607}.Release|x86.ActiveCfg = Release|Any CPU
		{644E30D4-22BC-49D3-A236-7750968BC607}.Release|x86.Build.0 = Release|Any CPU
		{50AE53CE-6343-46A4-AB28-E0E506618D52}.Debug|Any CPU.ActiveCfg = Debug|Win32
		{50AE53CE-6343-46A4-AB28-E0E506618D52}.Debug|x64.ActiveCfg = Debug|x64
		{50AE53CE-6343-46A4-AB28-E0E506618D52}.Debug|x64.Build.0 = Debug|x64
		{50AE53CE-6343-46A4-AB28-E0E506618D52}.Debug|x86.ActiveCfg = Debug|Win32
		{50AE53CE-6343-46A4-AB28-E0E506618D52}.Debug|x86.Build.0 = Debug|Win32
		{50AE53CE-6343-46A4-AB28-E0E506618D52}.Release|Any CPU.ActiveCfg = Release|Win32
		{50AE53CE-6343-46A4-AB28-E0E506618D52}.Release|x64.ActiveCfg = Release|x64
		{50AE53CE-6343-46A4-AB28-E0E506618D52}.Release|x64.Build.0 = Release|x64
		{50AE53CE-6343-46A4-AB28-E0E506618D52}.Release|x86.ActiveCfg = Release|Win32
		{50AE53CE-6343-46A4-AB28-E0E506618D52}.Release|x86.Build.0 = Release|Win32
		{758D5BA3-F328-4133-92BF-404FFD810986}.Debug|Any CPU.ActiveCfg = Debug|Any CPU
		{758D5BA3-F328-4133-92BF-404FFD810986}.Debug|Any CPU.Build.0 = Debug|Any CPU
		{758D5BA3-F328-4133-92BF-404FFD810986}.Debug|x64.ActiveCfg = Debug|Any CPU
		{758D5BA3-F328-4133-92BF-404FFD810986}.Debug|x64.Build.0 = Debug|Any CPU
		{758D5BA3-F328-4133-92BF-404FFD810986}.Debug|x86.ActiveCfg = Debug|Any CPU
		{758D5BA3-F328-4133-92BF-404FFD810986}.Debug|x86.Build.0 = Debug|Any CPU
		{758D5BA3-F328-4133-92BF-404FFD810986}.Release|Any CPU.ActiveCfg = Release|Any CPU
		{758D5BA3-F328-4133-92BF-404FFD810986}.Release|Any CPU.Build.0 = Release|Any CPU
		{758D5BA3-F328-4133-92BF-404FFD810986}.Release|x64.ActiveCfg = Release|Any CPU
		{758D5BA3-F328-4133-92BF-404FFD810986}.Release|x64.Build.0 = Release|Any CPU
		{758D5BA3-F328-4133-92BF-404FFD810986}.Release|x86.ActiveCfg = Release|Any CPU
		{758D5BA3-F328-4133-92BF-404FFD810986}.Release|x86.Build.0 = Release|Any CPU
		{3F16BD44-FA49-43A4-86C5-224B540878FE}.Debug|Any CPU.ActiveCfg = Debug|Any CPU
		{3F16BD44-FA49-43A4-86C5-224B540878FE}.Debug|Any CPU.Build.0 = Debug|Any CPU
		{3F16BD44-FA49-43A4-86C5-224B540878FE}.Debug|x64.ActiveCfg = Debug|Any CPU
		{3F16BD44-FA49-43A4-86C5-224B540878FE}.Debug|x64.Build.0 = Debug|Any CPU
		{3F16BD44-FA49-43A4-86C5-224B540878FE}.Debug|x86.ActiveCfg = Debug|Any CPU
		{3F16BD44-FA49-43A4-86C5-224B540878FE}.Debug|x86.Build.0 = Debug|Any CPU
		{3F16BD44-FA49-43A4-86C5-224B540878FE}.Release|Any CPU.ActiveCfg = Release|Any CPU
		{3F16BD44-FA49-43A4-86C5-224B540878FE}.Release|Any CPU.Build.0 = Release|Any CPU
		{3F16BD44-FA49-43A4-86C5-224B540878FE}.Release|x64.ActiveCfg = Release|Any CPU
		{3F16BD44-FA49-43A4-86C5-224B540878FE}.Release|x64.Build.0 = Release|Any CPU
		{3F16BD44-FA49-43A4-86C5-224B540878FE}.Release|x86.ActiveCfg = Release|Any CPU
		{3F16BD44-FA49-43A4-86C5-224B540878FE}.Release|x86.Build.0 = Release|Any CPU
		{CC2DBABE-8D85-4E64-A056-BB9801464C2B}.Debug|Any CPU.ActiveCfg = Debug|Win32
		{CC2DBABE-8D85-4E64-A056-BB9801464C2B}.Debug|x64.ActiveCfg = Debug|x64
		{CC2DBABE-8D85-4E64-A056-BB9801464C2B}.Debug|x64.Build.0 = Debug|x64
		{CC2DBABE-8D85-4E64-A056-BB9801464C2B}.Debug|x86.ActiveCfg = Debug|Win32
		{CC2DBABE-8D85-4E64-A056-BB9801464C2B}.Debug|x86.Build.0 = Debug|Win32
		{CC2DBABE-8D85-4E64-A056-BB9801464C2B}.Release|Any CPU.ActiveCfg = Release|Win32
		{CC2DBABE-8D85-4E64-A056-BB9801464C2B}.Release|x64.ActiveCfg = Release|x64
		{CC2DBABE-8D85-4E64-A056-BB9801464C2B}.Release|x64.Build.0 = Release|x64
		{CC2DBABE-8D85-4E64-A056-BB9801464C2B}.Release|x86.ActiveCfg = Release|Win32
		{CC2DBABE-8D85-4E64-A056-BB9801464C2B}.Release|x86.Build.0 = Release|Win32
		{1C0C4AB5-8950-4277-82C3-0589E8890454}.Debug|Any CPU.ActiveCfg = Debug|Any CPU
		{1C0C4AB5-8950-4277-82C3-0589E8890454}.Debug|Any CPU.Build.0 = Debug|Any CPU
		{1C0C4AB5-8950-4277-82C3-0589E8890454}.Debug|x64.ActiveCfg = Debug|Any CPU
		{1C0C4AB5-8950-4277-82C3-0589E8890454}.Debug|x64.Build.0 = Debug|Any CPU
		{1C0C4AB5-8950-4277-82C3-0589E8890454}.Debug|x86.ActiveCfg = Debug|Any CPU
		{1C0C4AB5-8950-4277-82C3-0589E8890454}.Debug|x86.Build.0 = Debug|Any CPU
		{1C0C4AB5-8950-4277-82C3-0589E8890454}.Release|Any CPU.ActiveCfg = Release|Any CPU
		{1C0C4AB5-8950-4277-82C3-0589E8890454}.Release|Any CPU.Build.0 = Release|Any CPU
		{1C0C4AB5-8950-4277-82C3-0589E8890454}.Release|x64.ActiveCfg = Release|Any CPU
		{1C0C4AB5-8950-4277-82C3-0589E8890454}.Release|x64.Build.0 = Release|Any CPU
		{1C0C4AB5-8950-4277-82C3-0589E8890454}.Release|x86.ActiveCfg = Release|Any CPU
		{1C0C4AB5-8950-4277-82C3-0589E8890454}.Release|x86.Build.0 = Release|Any CPU
		{62E8BF59-5ED5-4615-AEF5-A02232FC50FB}.Debug|Any CPU.ActiveCfg = Debug|Any CPU
		{62E8BF59-5ED5-4615-AEF5-A02232FC50FB}.Debug|Any CPU.Build.0 = Debug|Any CPU
		{62E8BF59-5ED5-4615-AEF5-A02232FC50FB}.Debug|x64.ActiveCfg = Debug|Any CPU
		{62E8BF59-5ED5-4615-AEF5-A02232FC50FB}.Debug|x64.Build.0 = Debug|Any CPU
		{62E8BF59-5ED5-4615-AEF5-A02232FC50FB}.Debug|x86.ActiveCfg = Debug|Any CPU
		{62E8BF59-5ED5-4615-AEF5-A02232FC50FB}.Debug|x86.Build.0 = Debug|Any CPU
		{62E8BF59-5ED5-4615-AEF5-A02232FC50FB}.Release|Any CPU.ActiveCfg = Release|Any CPU
		{62E8BF59-5ED5-4615-AEF5-A02232FC50FB}.Release|Any CPU.Build.0 = Release|Any CPU
		{62E8BF59-5ED5-4615-AEF5-A02232FC50FB}.Release|x64.ActiveCfg = Release|Any CPU
		{62E8BF59-5ED5-4615-AEF5-A02232FC50FB}.Release|x64.Build.0 = Release|Any CPU
		{62E8BF59-5ED5-4615-AEF5-A02232FC50FB}.Release|x86.ActiveCfg = Release|Any CPU
		{62E8BF59-5ED5-4615-AEF5-A02232FC50FB}.Release|x86.Build.0 = Release|Any CPU
		{FD061E26-D1C6-421F-ADD7-54C20521AEC3}.Debug|Any CPU.ActiveCfg = Debug|Any CPU
		{FD061E26-D1C6-421F-ADD7-54C20521AEC3}.Debug|Any CPU.Build.0 = Debug|Any CPU
		{FD061E26-D1C6-421F-ADD7-54C20521AEC3}.Debug|x64.ActiveCfg = Debug|Any CPU
		{FD061E26-D1C6-421F-ADD7-54C20521AEC3}.Debug|x64.Build.0 = Debug|Any CPU
		{FD061E26-D1C6-421F-ADD7-54C20521AEC3}.Debug|x86.ActiveCfg = Debug|Any CPU
		{FD061E26-D1C6-421F-ADD7-54C20521AEC3}.Debug|x86.Build.0 = Debug|Any CPU
		{FD061E26-D1C6-421F-ADD7-54C20521AEC3}.Release|Any CPU.ActiveCfg = Release|Any CPU
		{FD061E26-D1C6-421F-ADD7-54C20521AEC3}.Release|Any CPU.Build.0 = Release|Any CPU
		{FD061E26-D1C6-421F-ADD7-54C20521AEC3}.Release|x64.ActiveCfg = Release|Any CPU
		{FD061E26-D1C6-421F-ADD7-54C20521AEC3}.Release|x64.Build.0 = Release|Any CPU
		{FD061E26-D1C6-421F-ADD7-54C20521AEC3}.Release|x86.ActiveCfg = Release|Any CPU
		{FD061E26-D1C6-421F-ADD7-54C20521AEC3}.Release|x86.Build.0 = Release|Any CPU
		{84F9271B-8670-4CE0-8D93-F7327B721878}.Debug|Any CPU.ActiveCfg = Debug|Any CPU
		{84F9271B-8670-4CE0-8D93-F7327B721878}.Debug|Any CPU.Build.0 = Debug|Any CPU
		{84F9271B-8670-4CE0-8D93-F7327B721878}.Debug|x64.ActiveCfg = Debug|Any CPU
		{84F9271B-8670-4CE0-8D93-F7327B721878}.Debug|x64.Build.0 = Debug|Any CPU
		{84F9271B-8670-4CE0-8D93-F7327B721878}.Debug|x86.ActiveCfg = Debug|Any CPU
		{84F9271B-8670-4CE0-8D93-F7327B721878}.Debug|x86.Build.0 = Debug|Any CPU
		{84F9271B-8670-4CE0-8D93-F7327B721878}.Release|Any CPU.ActiveCfg = Release|Any CPU
		{84F9271B-8670-4CE0-8D93-F7327B721878}.Release|Any CPU.Build.0 = Release|Any CPU
		{84F9271B-8670-4CE0-8D93-F7327B721878}.Release|x64.ActiveCfg = Release|Any CPU
		{84F9271B-8670-4CE0-8D93-F7327B721878}.Release|x64.Build.0 = Release|Any CPU
		{84F9271B-8670-4CE0-8D93-F7327B721878}.Release|x86.ActiveCfg = Release|Any CPU
		{84F9271B-8670-4CE0-8D93-F7327B721878}.Release|x86.Build.0 = Release|Any CPU
		{754F896A-A85F-44C3-8CA5-4B20AEED2F18}.Debug|Any CPU.ActiveCfg = Debug|Any CPU
		{754F896A-A85F-44C3-8CA5-4B20AEED2F18}.Debug|Any CPU.Build.0 = Debug|Any CPU
		{754F896A-A85F-44C3-8CA5-4B20AEED2F18}.Debug|x64.ActiveCfg = Debug|Any CPU
		{754F896A-A85F-44C3-8CA5-4B20AEED2F18}.Debug|x64.Build.0 = Debug|Any CPU
		{754F896A-A85F-44C3-8CA5-4B20AEED2F18}.Debug|x86.ActiveCfg = Debug|Any CPU
		{754F896A-A85F-44C3-8CA5-4B20AEED2F18}.Debug|x86.Build.0 = Debug|Any CPU
		{754F896A-A85F-44C3-8CA5-4B20AEED2F18}.Release|Any CPU.ActiveCfg = Release|Any CPU
		{754F896A-A85F-44C3-8CA5-4B20AEED2F18}.Release|Any CPU.Build.0 = Release|Any CPU
		{754F896A-A85F-44C3-8CA5-4B20AEED2F18}.Release|x64.ActiveCfg = Release|Any CPU
		{754F896A-A85F-44C3-8CA5-4B20AEED2F18}.Release|x64.Build.0 = Release|Any CPU
		{754F896A-A85F-44C3-8CA5-4B20AEED2F18}.Release|x86.ActiveCfg = Release|Any CPU
		{754F896A-A85F-44C3-8CA5-4B20AEED2F18}.Release|x86.Build.0 = Release|Any CPU
		{990AC309-5AA6-49F6-AB0E-0EE382BA6BB6}.Debug|Any CPU.ActiveCfg = Debug|Any CPU
		{990AC309-5AA6-49F6-AB0E-0EE382BA6BB6}.Debug|Any CPU.Build.0 = Debug|Any CPU
		{990AC309-5AA6-49F6-AB0E-0EE382BA6BB6}.Debug|x64.ActiveCfg = Debug|Any CPU
		{990AC309-5AA6-49F6-AB0E-0EE382BA6BB6}.Debug|x64.Build.0 = Debug|Any CPU
		{990AC309-5AA6-49F6-AB0E-0EE382BA6BB6}.Debug|x86.ActiveCfg = Debug|Any CPU
		{990AC309-5AA6-49F6-AB0E-0EE382BA6BB6}.Debug|x86.Build.0 = Debug|Any CPU
		{990AC309-5AA6-49F6-AB0E-0EE382BA6BB6}.Release|Any CPU.ActiveCfg = Release|Any CPU
		{990AC309-5AA6-49F6-AB0E-0EE382BA6BB6}.Release|Any CPU.Build.0 = Release|Any CPU
		{990AC309-5AA6-49F6-AB0E-0EE382BA6BB6}.Release|x64.ActiveCfg = Release|Any CPU
		{990AC309-5AA6-49F6-AB0E-0EE382BA6BB6}.Release|x64.Build.0 = Release|Any CPU
		{990AC309-5AA6-49F6-AB0E-0EE382BA6BB6}.Release|x86.ActiveCfg = Release|Any CPU
		{990AC309-5AA6-49F6-AB0E-0EE382BA6BB6}.Release|x86.Build.0 = Release|Any CPU
		{368BC4A2-AC2C-4761-A19B-570A9E0B1360}.Debug|Any CPU.ActiveCfg = Debug|Any CPU
		{368BC4A2-AC2C-4761-A19B-570A9E0B1360}.Debug|Any CPU.Build.0 = Debug|Any CPU
		{368BC4A2-AC2C-4761-A19B-570A9E0B1360}.Debug|x64.ActiveCfg = Debug|Any CPU
		{368BC4A2-AC2C-4761-A19B-570A9E0B1360}.Debug|x64.Build.0 = Debug|Any CPU
		{368BC4A2-AC2C-4761-A19B-570A9E0B1360}.Debug|x86.ActiveCfg = Debug|Any CPU
		{368BC4A2-AC2C-4761-A19B-570A9E0B1360}.Debug|x86.Build.0 = Debug|Any CPU
		{368BC4A2-AC2C-4761-A19B-570A9E0B1360}.Release|Any CPU.ActiveCfg = Release|Any CPU
		{368BC4A2-AC2C-4761-A19B-570A9E0B1360}.Release|Any CPU.Build.0 = Release|Any CPU
		{368BC4A2-AC2C-4761-A19B-570A9E0B1360}.Release|x64.ActiveCfg = Release|Any CPU
		{368BC4A2-AC2C-4761-A19B-570A9E0B1360}.Release|x64.Build.0 = Release|Any CPU
		{368BC4A2-AC2C-4761-A19B-570A9E0B1360}.Release|x86.ActiveCfg = Release|Any CPU
		{368BC4A2-AC2C-4761-A19B-570A9E0B1360}.Release|x86.Build.0 = Release|Any CPU
		{B6BCCE63-F9B7-4146-8B08-E868D863F234}.Debug|Any CPU.ActiveCfg = Debug|Any CPU
		{B6BCCE63-F9B7-4146-8B08-E868D863F234}.Debug|Any CPU.Build.0 = Debug|Any CPU
		{B6BCCE63-F9B7-4146-8B08-E868D863F234}.Debug|x64.ActiveCfg = Debug|Any CPU
		{B6BCCE63-F9B7-4146-8B08-E868D863F234}.Debug|x64.Build.0 = Debug|Any CPU
		{B6BCCE63-F9B7-4146-8B08-E868D863F234}.Debug|x86.ActiveCfg = Debug|Any CPU
		{B6BCCE63-F9B7-4146-8B08-E868D863F234}.Debug|x86.Build.0 = Debug|Any CPU
		{B6BCCE63-F9B7-4146-8B08-E868D863F234}.Release|Any CPU.ActiveCfg = Release|Any CPU
		{B6BCCE63-F9B7-4146-8B08-E868D863F234}.Release|Any CPU.Build.0 = Release|Any CPU
		{B6BCCE63-F9B7-4146-8B08-E868D863F234}.Release|x64.ActiveCfg = Release|Any CPU
		{B6BCCE63-F9B7-4146-8B08-E868D863F234}.Release|x64.Build.0 = Release|Any CPU
		{B6BCCE63-F9B7-4146-8B08-E868D863F234}.Release|x86.ActiveCfg = Release|Any CPU
		{B6BCCE63-F9B7-4146-8B08-E868D863F234}.Release|x86.Build.0 = Release|Any CPU
		{C572C586-7F9A-40DA-A562-4534D880DD54}.Debug|Any CPU.ActiveCfg = Debug|Any CPU
		{C572C586-7F9A-40DA-A562-4534D880DD54}.Debug|Any CPU.Build.0 = Debug|Any CPU
		{C572C586-7F9A-40DA-A562-4534D880DD54}.Debug|x64.ActiveCfg = Debug|Any CPU
		{C572C586-7F9A-40DA-A562-4534D880DD54}.Debug|x64.Build.0 = Debug|Any CPU
		{C572C586-7F9A-40DA-A562-4534D880DD54}.Debug|x86.ActiveCfg = Debug|Any CPU
		{C572C586-7F9A-40DA-A562-4534D880DD54}.Debug|x86.Build.0 = Debug|Any CPU
		{C572C586-7F9A-40DA-A562-4534D880DD54}.Release|Any CPU.ActiveCfg = Release|Any CPU
		{C572C586-7F9A-40DA-A562-4534D880DD54}.Release|Any CPU.Build.0 = Release|Any CPU
		{C572C586-7F9A-40DA-A562-4534D880DD54}.Release|x64.ActiveCfg = Release|Any CPU
		{C572C586-7F9A-40DA-A562-4534D880DD54}.Release|x64.Build.0 = Release|Any CPU
		{C572C586-7F9A-40DA-A562-4534D880DD54}.Release|x86.ActiveCfg = Release|Any CPU
		{C572C586-7F9A-40DA-A562-4534D880DD54}.Release|x86.Build.0 = Release|Any CPU
		{1A053F22-C226-44DB-854D-9A684EDEEA3A}.Debug|Any CPU.ActiveCfg = Debug|Any CPU
		{1A053F22-C226-44DB-854D-9A684EDEEA3A}.Debug|Any CPU.Build.0 = Debug|Any CPU
		{1A053F22-C226-44DB-854D-9A684EDEEA3A}.Debug|x64.ActiveCfg = Debug|Any CPU
		{1A053F22-C226-44DB-854D-9A684EDEEA3A}.Debug|x64.Build.0 = Debug|Any CPU
		{1A053F22-C226-44DB-854D-9A684EDEEA3A}.Debug|x86.ActiveCfg = Debug|Any CPU
		{1A053F22-C226-44DB-854D-9A684EDEEA3A}.Debug|x86.Build.0 = Debug|Any CPU
		{1A053F22-C226-44DB-854D-9A684EDEEA3A}.Release|Any CPU.ActiveCfg = Release|Any CPU
		{1A053F22-C226-44DB-854D-9A684EDEEA3A}.Release|Any CPU.Build.0 = Release|Any CPU
		{1A053F22-C226-44DB-854D-9A684EDEEA3A}.Release|x64.ActiveCfg = Release|Any CPU
		{1A053F22-C226-44DB-854D-9A684EDEEA3A}.Release|x64.Build.0 = Release|Any CPU
		{1A053F22-C226-44DB-854D-9A684EDEEA3A}.Release|x86.ActiveCfg = Release|Any CPU
		{1A053F22-C226-44DB-854D-9A684EDEEA3A}.Release|x86.Build.0 = Release|Any CPU
		{85EE01DA-A88F-471B-B574-45FF5DF15C0F}.Debug|Any CPU.ActiveCfg = Debug|Any CPU
		{85EE01DA-A88F-471B-B574-45FF5DF15C0F}.Debug|Any CPU.Build.0 = Debug|Any CPU
		{85EE01DA-A88F-471B-B574-45FF5DF15C0F}.Debug|x64.ActiveCfg = Debug|Any CPU
		{85EE01DA-A88F-471B-B574-45FF5DF15C0F}.Debug|x64.Build.0 = Debug|Any CPU
		{85EE01DA-A88F-471B-B574-45FF5DF15C0F}.Debug|x86.ActiveCfg = Debug|Any CPU
		{85EE01DA-A88F-471B-B574-45FF5DF15C0F}.Debug|x86.Build.0 = Debug|Any CPU
		{85EE01DA-A88F-471B-B574-45FF5DF15C0F}.Release|Any CPU.ActiveCfg = Release|Any CPU
		{85EE01DA-A88F-471B-B574-45FF5DF15C0F}.Release|Any CPU.Build.0 = Release|Any CPU
		{85EE01DA-A88F-471B-B574-45FF5DF15C0F}.Release|x64.ActiveCfg = Release|Any CPU
		{85EE01DA-A88F-471B-B574-45FF5DF15C0F}.Release|x64.Build.0 = Release|Any CPU
		{85EE01DA-A88F-471B-B574-45FF5DF15C0F}.Release|x86.ActiveCfg = Release|Any CPU
		{85EE01DA-A88F-471B-B574-45FF5DF15C0F}.Release|x86.Build.0 = Release|Any CPU
		{81D67C0D-560D-47B3-A1CA-7C0CCC482B07}.Debug|Any CPU.ActiveCfg = Debug|Any CPU
		{81D67C0D-560D-47B3-A1CA-7C0CCC482B07}.Debug|Any CPU.Build.0 = Debug|Any CPU
		{81D67C0D-560D-47B3-A1CA-7C0CCC482B07}.Debug|x64.ActiveCfg = Debug|Any CPU
		{81D67C0D-560D-47B3-A1CA-7C0CCC482B07}.Debug|x64.Build.0 = Debug|Any CPU
		{81D67C0D-560D-47B3-A1CA-7C0CCC482B07}.Debug|x86.ActiveCfg = Debug|Any CPU
		{81D67C0D-560D-47B3-A1CA-7C0CCC482B07}.Debug|x86.Build.0 = Debug|Any CPU
		{81D67C0D-560D-47B3-A1CA-7C0CCC482B07}.Release|Any CPU.ActiveCfg = Release|Any CPU
		{81D67C0D-560D-47B3-A1CA-7C0CCC482B07}.Release|Any CPU.Build.0 = Release|Any CPU
		{81D67C0D-560D-47B3-A1CA-7C0CCC482B07}.Release|x64.ActiveCfg = Release|Any CPU
		{81D67C0D-560D-47B3-A1CA-7C0CCC482B07}.Release|x64.Build.0 = Release|Any CPU
		{81D67C0D-560D-47B3-A1CA-7C0CCC482B07}.Release|x86.ActiveCfg = Release|Any CPU
		{81D67C0D-560D-47B3-A1CA-7C0CCC482B07}.Release|x86.Build.0 = Release|Any CPU
		{610EB7F9-339B-463D-8224-8E9791A76D04}.Debug|Any CPU.ActiveCfg = Debug|Any CPU
		{610EB7F9-339B-463D-8224-8E9791A76D04}.Debug|Any CPU.Build.0 = Debug|Any CPU
		{610EB7F9-339B-463D-8224-8E9791A76D04}.Debug|x64.ActiveCfg = Debug|Any CPU
		{610EB7F9-339B-463D-8224-8E9791A76D04}.Debug|x64.Build.0 = Debug|Any CPU
		{610EB7F9-339B-463D-8224-8E9791A76D04}.Debug|x86.ActiveCfg = Debug|Any CPU
		{610EB7F9-339B-463D-8224-8E9791A76D04}.Debug|x86.Build.0 = Debug|Any CPU
		{610EB7F9-339B-463D-8224-8E9791A76D04}.Release|Any CPU.ActiveCfg = Release|Any CPU
		{610EB7F9-339B-463D-8224-8E9791A76D04}.Release|Any CPU.Build.0 = Release|Any CPU
		{610EB7F9-339B-463D-8224-8E9791A76D04}.Release|x64.ActiveCfg = Release|Any CPU
		{610EB7F9-339B-463D-8224-8E9791A76D04}.Release|x64.Build.0 = Release|Any CPU
		{610EB7F9-339B-463D-8224-8E9791A76D04}.Release|x86.ActiveCfg = Release|Any CPU
		{610EB7F9-339B-463D-8224-8E9791A76D04}.Release|x86.Build.0 = Release|Any CPU
	EndGlobalSection
	GlobalSection(SolutionProperties) = preSolution
		HideSolutionNode = FALSE
	EndGlobalSection
	GlobalSection(NestedProjects) = preSolution
		{E669A4CC-1A0A-4E45-928F-832A07DA67F0} = {78D31368-C759-4CE1-A4DC-BF4D260441AD}
		{644E30D4-22BC-49D3-A236-7750968BC607} = {78D31368-C759-4CE1-A4DC-BF4D260441AD}
		{50AE53CE-6343-46A4-AB28-E0E506618D52} = {78D31368-C759-4CE1-A4DC-BF4D260441AD}
		{758D5BA3-F328-4133-92BF-404FFD810986} = {7BB2CFD5-B01B-4C37-A538-76F7777E5C70}
		{3F16BD44-FA49-43A4-86C5-224B540878FE} = {3DE8F185-9F64-4177-BBEC-509B98218C07}
		{CC2DBABE-8D85-4E64-A056-BB9801464C2B} = {3DE8F185-9F64-4177-BBEC-509B98218C07}
		{1C0C4AB5-8950-4277-82C3-0589E8890454} = {595DEC23-E8B4-464C-9CD5-A63C2A9E9147}
		{62E8BF59-5ED5-4615-AEF5-A02232FC50FB} = {A8C897FA-141C-4267-A18E-2BB0FBB36385}
		{FD061E26-D1C6-421F-ADD7-54C20521AEC3} = {A8C897FA-141C-4267-A18E-2BB0FBB36385}
		{84F9271B-8670-4CE0-8D93-F7327B721878} = {A8C897FA-141C-4267-A18E-2BB0FBB36385}
		{754F896A-A85F-44C3-8CA5-4B20AEED2F18} = {963E5A7D-5C41-4096-B233-46B17D5A83AD}
		{990AC309-5AA6-49F6-AB0E-0EE382BA6BB6} = {E3364B62-7C65-4ED4-AC18-10CC1A197DB4}
		{368BC4A2-AC2C-4761-A19B-570A9E0B1360} = {E3364B62-7C65-4ED4-AC18-10CC1A197DB4}
		{B6BCCE63-F9B7-4146-8B08-E868D863F234} = {E3364B62-7C65-4ED4-AC18-10CC1A197DB4}
		{C572C586-7F9A-40DA-A562-4534D880DD54} = {1AAADC47-DCBA-4080-A082-8F3207E39FE1}
		{1A053F22-C226-44DB-854D-9A684EDEEA3A} = {55B7E810-E8EC-4E73-BE81-4B0D7A2BD6EE}
		{85EE01DA-A88F-471B-B574-45FF5DF15C0F} = {7B40B487-F54B-4DB2-B97A-30A5A2CD3AD8}
		{81D67C0D-560D-47B3-A1CA-7C0CCC482B07} = {CD6755D8-8E42-48FC-A24B-1FAEE52FEF63}
		{610EB7F9-339B-463D-8224-8E9791A76D04} = {E3364B62-7C65-4ED4-AC18-10CC1A197DB4}
	EndGlobalSection
	GlobalSection(ExtensibilityGlobals) = postSolution
		SolutionGuid = {73529178-BDA4-49C9-9706-843BEBB6B398}
	EndGlobalSection
EndGlobal
