
Microsoft Visual Studio Solution File, Format Version 12.00
# Visual Studio Version 16
VisualStudioVersion = 16.0.30711.63
MinimumVisualStudioVersion = 10.0.40219.1
Project("{2150E333-8FDC-42A3-9474-1A3956D46DE8}") = "DLL-test", "DLL-test", "{78D31368-C759-4CE1-A4DC-BF4D260441AD}"
EndProject
Project("{FAE04EC0-301F-11D3-BF4B-00C04F79EFBC}") = "DLL-test", "Class and DLL\DLL-test.csproj", "{E669A4CC-1A0A-4E45-928F-832A07DA67F0}"
EndProject
Project("{FAE04EC0-301F-11D3-BF4B-00C04F79EFBC}") = "DLL_extern_Cs", "Class and DLL\DLL_extern_Cs.csproj", "{644E30D4-22BC-49D3-A236-7750968BC607}"
EndProject
Project("{8BC9CEB8-8B4A-11D0-8D11-00A0C91BC942}") = "DLL_extern_Cpp", "Class and DLL\extern DLL\DLL_extern_Cpp\Dll1\Dll1.vcxproj", "{50AE53CE-6343-46A4-AB28-E0E506618D52}"
EndProject
Project("{2150E333-8FDC-42A3-9474-1A3956D46DE8}") = "Object-test", "Object-test", "{7BB2CFD5-B01B-4C37-A538-76F7777E5C70}"
EndProject
Project("{FAE04EC0-301F-11D3-BF4B-00C04F79EFBC}") = "Object-test", "Class and object\Object-test.csproj", "{758D5BA3-F328-4133-92BF-404FFD810986}"
EndProject
Project("{2150E333-8FDC-42A3-9474-1A3956D46DE8}") = "Type-test", "Type-test", "{595DEC23-E8B4-464C-9CD5-A63C2A9E9147}"
EndProject
Project("{2150E333-8FDC-42A3-9474-1A3956D46DE8}") = "Function-test", "Function-test", "{3DE8F185-9F64-4177-BBEC-509B98218C07}"
EndProject
Project("{FAE04EC0-301F-11D3-BF4B-00C04F79EFBC}") = "Fun-test", "Fun-test\Fun-test\Fun-test.csproj", "{3F16BD44-FA49-43A4-86C5-224B540878FE}"
EndProject
Project("{8BC9CEB8-8B4A-11D0-8D11-00A0C91BC942}") = "Fun-test-cpp", "Fun-test\Fun-test-cpp\Fun-test-cpp.vcxproj", "{CC2DBABE-8D85-4E64-A056-BB9801464C2B}"
EndProject
Project("{FAE04EC0-301F-11D3-BF4B-00C04F79EFBC}") = "type-test", "Type-test\type-test.csproj", "{1C0C4AB5-8950-4277-82C3-0589E8890454}"
EndProject
Project("{2150E333-8FDC-42A3-9474-1A3956D46DE8}") = "Hello world", "Hello world", "{A8C897FA-141C-4267-A18E-2BB0FBB36385}"
EndProject
Project("{FAE04EC0-301F-11D3-BF4B-00C04F79EFBC}") = "ConsoleApp1", "Hello world\ConsoleApp1\ConsoleApp1.csproj", "{62E8BF59-5ED5-4615-AEF5-A02232FC50FB}"
EndProject
Project("{FAE04EC0-301F-11D3-BF4B-00C04F79EFBC}") = "WindowsFormsApp1", "Hello world\WindowsFormsApp1\WindowsFormsApp1.csproj", "{FD061E26-D1C6-421F-ADD7-54C20521AEC3}"
EndProject
Project("{FAE04EC0-301F-11D3-BF4B-00C04F79EFBC}") = "WpfApp1", "Hello world\WpfApp1\WpfApp1.csproj", "{84F9271B-8670-4CE0-8D93-F7327B721878}"
EndProject
Project("{2150E333-8FDC-42A3-9474-1A3956D46DE8}") = "Other-test", "Other-test", "{963E5A7D-5C41-4096-B233-46B17D5A83AD}"
EndProject
Project("{2150E333-8FDC-42A3-9474-1A3956D46DE8}") = "_Demo", "_Demo", "{E3364B62-7C65-4ED4-AC18-10CC1A197DB4}"
EndProject
Project("{FAE04EC0-301F-11D3-BF4B-00C04F79EFBC}") = "Demo_Dic and list", "Demo\Demo_Dictionary and list\Demo_Dic and list.csproj", "{990AC309-5AA6-49F6-AB0E-0EE382BA6BB6}"
EndProject
Project("{FAE04EC0-301F-11D3-BF4B-00C04F79EFBC}") = "Demo_LoadDLL", "Demo\Demo_LoadDLL\Demo_LoadDLL.csproj", "{368BC4A2-AC2C-4761-A19B-570A9E0B1360}"
EndProject
Project("{FAE04EC0-301F-11D3-BF4B-00C04F79EFBC}") = "Demo_Overload", "Demo\Demo_Overload\Demo_Overload.csproj", "{B6BCCE63-F9B7-4146-8B08-E868D863F234}"
EndProject
Project("{2150E333-8FDC-42A3-9474-1A3956D46DE8}") = "Important-test", "Important-test", "{1AAADC47-DCBA-4080-A082-8F3207E39FE1}"
EndProject
Project("{FAE04EC0-301F-11D3-BF4B-00C04F79EFBC}") = "Important", "Important\Important.csproj", "{C572C586-7F9A-40DA-A562-4534D880DD54}"
EndProject
Project("{2150E333-8FDC-42A3-9474-1A3956D46DE8}") = "TEST", "TEST", "{55B7E810-E8EC-4E73-BE81-4B0D7A2BD6EE}"
EndProject
Project("{FAE04EC0-301F-11D3-BF4B-00C04F79EFBC}") = "TEST", "TEST\TEST.csproj", "{1A053F22-C226-44DB-854D-9A684EDEEA3A}"
EndProject
Project("{FAE04EC0-301F-11D3-BF4B-00C04F79EFBC}") = "Param-test", "Param-test\Param-test.csproj", "{85EE01DA-A88F-471B-B574-45FF5DF15C0F}"
EndProject
Project("{2150E333-8FDC-42A3-9474-1A3956D46DE8}") = "Delegate-test", "Delegate-test", "{CD6755D8-8E42-48FC-A24B-1FAEE52FEF63}"
EndProject
Project("{FAE04EC0-301F-11D3-BF4B-00C04F79EFBC}") = "Delegate-test", "ConsoleApp2\Delegate-test.csproj", "{81D67C0D-560D-47B3-A1CA-7C0CCC482B07}"
EndProject
Project("{FAE04EC0-301F-11D3-BF4B-00C04F79EFBC}") = "Demo_My events", "Demo_My events\Demo_My events.csproj", "{610EB7F9-339B-463D-8224-8E9791A76D04}"
EndProject
Project("{2150E333-8FDC-42A3-9474-1A3956D46DE8}") = "Override-test", "Override-test", "{D7FF0C70-D043-4DFB-A949-814FB00C21D2}"
EndProject
Project("{FAE04EC0-301F-11D3-BF4B-00C04F79EFBC}") = "Override-test", "Override-test\Override-test.csproj", "{1CC8D70D-2715-4CE4-8247-6AF084A7C6E1}"
EndProject
Project("{2150E333-8FDC-42A3-9474-1A3956D46DE8}") = "Some Test", "Some Test", "{B59DAF0A-A4CD-48FD-85D6-49FE52598503}"
EndProject
Project("{2150E333-8FDC-42A3-9474-1A3956D46DE8}") = "Class-test", "Class-test", "{553E4B70-10E9-4E93-ACCD-CD3E40F41C90}"
EndProject
Project("{FAE04EC0-301F-11D3-BF4B-00C04F79EFBC}") = "Class-test", "Class-test\Class-test.csproj", "{2274B1FA-88AB-41C8-A777-ABA9D042F2B1}"
EndProject
Project("{2150E333-8FDC-42A3-9474-1A3956D46DE8}") = "Calc-questions", "Calc-questions", "{2D8D1768-EA8B-456C-A53E-F39C572D649B}"
EndProject
Project("{FAE04EC0-301F-11D3-BF4B-00C04F79EFBC}") = "Calc-questions", "Calc-questions\Calc-questions.csproj", "{54669A5A-66B4-4303-8A1F-BB33601F931E}"
EndProject
Project("{2150E333-8FDC-42A3-9474-1A3956D46DE8}") = "Polymorphism-test", "Polymorphism-test", "{EDC57D7D-D0AA-40C5-ADEF-AE2A18F7CC15}"
EndProject
Project("{FAE04EC0-301F-11D3-BF4B-00C04F79EFBC}") = "Polymorphism-test", "Polymorphism-test\Polymorphism-test.csproj", "{1CE5A806-9E4C-4388-B3F5-94E78BD84CE5}"
EndProject
Project("{FAE04EC0-301F-11D3-BF4B-00C04F79EFBC}") = "SOLID", "SOLID\SOLID.csproj", "{F1AF32DA-0B2C-4950-809F-AF4E1B47853D}"
EndProject
Project("{2150E333-8FDC-42A3-9474-1A3956D46DE8}") = "Resource", "Resource", "{176D78BA-DE7E-438C-A30A-15E396F2CCC2}"
	ProjectSection(SolutionItems) = preProject
		Resource\接口.png = Resource\接口.png
	EndProjectSection
EndProject
Project("{2150E333-8FDC-42A3-9474-1A3956D46DE8}") = "Interface-test", "Interface-test", "{92F14129-051E-476B-AFF7-F9F5D53F693E}"
EndProject
Project("{FAE04EC0-301F-11D3-BF4B-00C04F79EFBC}") = "Interface-test", "Interface-test\Interface-test.csproj", "{F8A6411A-B965-4875-A4CD-E924136EA0CE}"
EndProject
Project("{8BC9CEB8-8B4A-11D0-8D11-00A0C91BC942}") = "struct-test", "struct-test\struct-test.vcxproj", "{432112AB-E5C3-4481-9150-3C02DEAEAFE8}"
EndProject
Global
	GlobalSection(SolutionConfigurationPlatforms) = preSolution
		Debug|Any CPU = Debug|Any CPU
		Debug|x64 = Debug|x64
		Debug|x86 = Debug|x86
		Release|Any CPU = Release|Any CPU
		Release|x64 = Release|x64
		Release|x86 = Release|x86
	EndGlobalSection
	GlobalSection(ProjectConfigurationPlatforms) = postSolution
		{E669A4CC-1A0A-4E45-928F-832A07DA67F0}.Debug|Any CPU.ActiveCfg = Debug|Any CPU
		{E669A4CC-1A0A-4E45-928F-832A07DA67F0}.Debug|Any CPU.Build.0 = Debug|Any CPU
		{E669A4CC-1A0A-4E45-928F-832A07DA67F0}.Debug|x64.ActiveCfg = Debug|Any CPU
		{E669A4CC-1A0A-4E45-928F-832A07DA67F0}.Debug|x64.Build.0 = Debug|Any CPU
		{E669A4CC-1A0A-4E45-928F-832A07DA67F0}.Debug|x86.ActiveCfg = Debug|Any CPU
		{E669A4CC-1A0A-4E45-928F-832A07DA67F0}.Debug|x86.Build.0 = Debug|Any CPU
		{E669A4CC-1A0A-4E45-928F-832A07DA67F0}.Release|Any CPU.ActiveCfg = Release|Any CPU
		{E669A4CC-1A0A-4E45-928F-832A07DA67F0}.Release|Any CPU.Build.0 = Release|Any CPU
		{E669A4CC-1A0A-4E45-928F-832A07DA67F0}.Release|x64.ActiveCfg = Release|Any CPU
		{E669A4CC-1A0A-4E45-928F-832A07DA67F0}.Release|x64.Build.0 = Release|Any CPU
		{E669A4CC-1A0A-4E45-928F-832A07DA67F0}.Release|x86.ActiveCfg = Release|Any CPU
		{E669A4CC-1A0A-4E45-928F-832A07DA67F0}.Release|x86.Build.0 = Release|Any CPU
		{644E30D4-22BC-49D3-A236-7750968BC607}.Debug|Any CPU.ActiveCfg = Debug|Any CPU
		{644E30D4-22BC-49D3-A236-7750968BC607}.Debug|Any CPU.Build.0 = Debug|Any CPU
		{644E30D4-22BC-49D3-A236-7750968BC607}.Debug|x64.ActiveCfg = Debug|Any CPU
		{644E30D4-22BC-49D3-A236-7750968BC607}.Debug|x64.Build.0 = Debug|Any CPU
		{644E30D4-22BC-49D3-A236-7750968BC607}.Debug|x86.ActiveCfg = Debug|Any CPU
		{644E30D4-22BC-49D3-A236-7750968BC607}.Debug|x86.Build.0 = Debug|Any CPU
		{644E30D4-22BC-49D3-A236-7750968BC607}.Release|Any CPU.ActiveCfg = Release|Any CPU
		{644E30D4-22BC-49D3-A236-7750968BC607}.Release|Any CPU.Build.0 = Release|Any CPU
		{644E30D4-22BC-49D3-A236-7750968BC607}.Release|x64.ActiveCfg = Release|Any CPU
		{644E30D4-22BC-49D3-A236-7750968BC607}.Release|x64.Build.0 = Release|Any CPU
		{644E30D4-22BC-49D3-A236-7750968BC607}.Release|x86.ActiveCfg = Release|Any CPU
		{644E30D4-22BC-49D3-A236-7750968BC607}.Release|x86.Build.0 = Release|Any CPU
		{50AE53CE-6343-46A4-AB28-E0E506618D52}.Debug|Any CPU.ActiveCfg = Debug|Win32
		{50AE53CE-6343-46A4-AB28-E0E506618D52}.Debug|x64.ActiveCfg = Debug|x64
		{50AE53CE-6343-46A4-AB28-E0E506618D52}.Debug|x64.Build.0 = Debug|x64
		{50AE53CE-6343-46A4-AB28-E0E506618D52}.Debug|x86.ActiveCfg = Debug|Win32
		{50AE53CE-6343-46A4-AB28-E0E506618D52}.Debug|x86.Build.0 = Debug|Win32
		{50AE53CE-6343-46A4-AB28-E0E506618D52}.Release|Any CPU.ActiveCfg = Release|Win32
		{50AE53CE-6343-46A4-AB28-E0E506618D52}.Release|x64.ActiveCfg = Release|x64
		{50AE53CE-6343-46A4-AB28-E0E506618D52}.Release|x64.Build.0 = Release|x64
		{50AE53CE-6343-46A4-AB28-E0E506618D52}.Release|x86.ActiveCfg = Release|Win32
		{50AE53CE-6343-46A4-AB28-E0E506618D52}.Release|x86.Build.0 = Release|Win32
		{758D5BA3-F328-4133-92BF-404FFD810986}.Debug|Any CPU.ActiveCfg = Debug|Any CPU
		{758D5BA3-F328-4133-92BF-404FFD810986}.Debug|Any CPU.Build.0 = Debug|Any CPU
		{758D5BA3-F328-4133-92BF-404FFD810986}.Debug|x64.ActiveCfg = Debug|Any CPU
		{758D5BA3-F328-4133-92BF-404FFD810986}.Debug|x64.Build.0 = Debug|Any CPU
		{758D5BA3-F328-4133-92BF-404FFD810986}.Debug|x86.ActiveCfg = Debug|Any CPU
		{758D5BA3-F328-4133-92BF-404FFD810986}.Debug|x86.Build.0 = Debug|Any CPU
		{758D5BA3-F328-4133-92BF-404FFD810986}.Release|Any CPU.ActiveCfg = Release|Any CPU
		{758D5BA3-F328-4133-92BF-404FFD810986}.Release|Any CPU.Build.0 = Release|Any CPU
		{758D5BA3-F328-4133-92BF-404FFD810986}.Release|x64.ActiveCfg = Release|Any CPU
		{758D5BA3-F328-4133-92BF-404FFD810986}.Release|x64.Build.0 = Release|Any CPU
		{758D5BA3-F328-4133-92BF-404FFD810986}.Release|x86.ActiveCfg = Release|Any CPU
		{758D5BA3-F328-4133-92BF-404FFD810986}.Release|x86.Build.0 = Release|Any CPU
		{3F16BD44-FA49-43A4-86C5-224B540878FE}.Debug|Any CPU.ActiveCfg = Debug|Any CPU
		{3F16BD44-FA49-43A4-86C5-224B540878FE}.Debug|Any CPU.Build.0 = Debug|Any CPU
		{3F16BD44-FA49-43A4-86C5-224B540878FE}.Debug|x64.ActiveCfg = Debug|Any CPU
		{3F16BD44-FA49-43A4-86C5-224B540878FE}.Debug|x64.Build.0 = Debug|Any CPU
		{3F16BD44-FA49-43A4-86C5-224B540878FE}.Debug|x86.ActiveCfg = Debug|Any CPU
		{3F16BD44-FA49-43A4-86C5-224B540878FE}.Debug|x86.Build.0 = Debug|Any CPU
		{3F16BD44-FA49-43A4-86C5-224B540878FE}.Release|Any CPU.ActiveCfg = Release|Any CPU
		{3F16BD44-FA49-43A4-86C5-224B540878FE}.Release|Any CPU.Build.0 = Release|Any CPU
		{3F16BD44-FA49-43A4-86C5-224B540878FE}.Release|x64.ActiveCfg = Release|Any CPU
		{3F16BD44-FA49-43A4-86C5-224B540878FE}.Release|x64.Build.0 = Release|Any CPU
		{3F16BD44-FA49-43A4-86C5-224B540878FE}.Release|x86.ActiveCfg = Release|Any CPU
		{3F16BD44-FA49-43A4-86C5-224B540878FE}.Release|x86.Build.0 = Release|Any CPU
		{CC2DBABE-8D85-4E64-A056-BB9801464C2B}.Debug|Any CPU.ActiveCfg = Debug|Win32
		{CC2DBABE-8D85-4E64-A056-BB9801464C2B}.Debug|Any CPU.Build.0 = Debug|Win32
		{CC2DBABE-8D85-4E64-A056-BB9801464C2B}.Debug|x64.ActiveCfg = Debug|x64
		{CC2DBABE-8D85-4E64-A056-BB9801464C2B}.Debug|x64.Build.0 = Debug|x64
		{CC2DBABE-8D85-4E64-A056-BB9801464C2B}.Debug|x86.ActiveCfg = Debug|Win32
		{CC2DBABE-8D85-4E64-A056-BB9801464C2B}.Debug|x86.Build.0 = Debug|Win32
		{CC2DBABE-8D85-4E64-A056-BB9801464C2B}.Release|Any CPU.ActiveCfg = Release|Win32
		{CC2DBABE-8D85-4E64-A056-BB9801464C2B}.Release|x64.ActiveCfg = Release|x64
		{CC2DBABE-8D85-4E64-A056-BB9801464C2B}.Release|x64.Build.0 = Release|x64
		{CC2DBABE-8D85-4E64-A056-BB9801464C2B}.Release|x86.ActiveCfg = Release|Win32
		{CC2DBABE-8D85-4E64-A056-BB9801464C2B}.Release|x86.Build.0 = Release|Win32
		{1C0C4AB5-8950-4277-82C3-0589E8890454}.Debug|Any CPU.ActiveCfg = Debug|Any CPU
		{1C0C4AB5-8950-4277-82C3-0589E8890454}.Debug|Any CPU.Build.0 = Debug|Any CPU
		{1C0C4AB5-8950-4277-82C3-0589E8890454}.Debug|x64.ActiveCfg = Debug|Any CPU
		{1C0C4AB5-8950-4277-82C3-0589E8890454}.Debug|x64.Build.0 = Debug|Any CPU
		{1C0C4AB5-8950-4277-82C3-0589E8890454}.Debug|x86.ActiveCfg = Debug|Any CPU
		{1C0C4AB5-8950-4277-82C3-0589E8890454}.Debug|x86.Build.0 = Debug|Any CPU
		{1C0C4AB5-8950-4277-82C3-0589E8890454}.Release|Any CPU.ActiveCfg = Release|Any CPU
		{1C0C4AB5-8950-4277-82C3-0589E8890454}.Release|Any CPU.Build.0 = Release|Any CPU
		{1C0C4AB5-8950-4277-82C3-0589E8890454}.Release|x64.ActiveCfg = Release|Any CPU
		{1C0C4AB5-8950-4277-82C3-0589E8890454}.Release|x64.Build.0 = Release|Any CPU
		{1C0C4AB5-8950-4277-82C3-0589E8890454}.Release|x86.ActiveCfg = Release|Any CPU
		{1C0C4AB5-8950-4277-82C3-0589E8890454}.Release|x86.Build.0 = Release|Any CPU
		{62E8BF59-5ED5-4615-AEF5-A02232FC50FB}.Debug|Any CPU.ActiveCfg = Debug|Any CPU
		{62E8BF59-5ED5-4615-AEF5-A02232FC50FB}.Debug|Any CPU.Build.0 = Debug|Any CPU
		{62E8BF59-5ED5-4615-AEF5-A02232FC50FB}.Debug|x64.ActiveCfg = Debug|Any CPU
		{62E8BF59-5ED5-4615-AEF5-A02232FC50FB}.Debug|x64.Build.0 = Debug|Any CPU
		{62E8BF59-5ED5-4615-AEF5-A02232FC50FB}.Debug|x86.ActiveCfg = Debug|Any CPU
		{62E8BF59-5ED5-4615-AEF5-A02232FC50FB}.Debug|x86.Build.0 = Debug|Any CPU
		{62E8BF59-5ED5-4615-AEF5-A02232FC50FB}.Release|Any CPU.ActiveCfg = Release|Any CPU
		{62E8BF59-5ED5-4615-AEF5-A02232FC50FB}.Release|Any CPU.Build.0 = Release|Any CPU
		{62E8BF59-5ED5-4615-AEF5-A02232FC50FB}.Release|x64.ActiveCfg = Release|Any CPU
		{62E8BF59-5ED5-4615-AEF5-A02232FC50FB}.Release|x64.Build.0 = Release|Any CPU
		{62E8BF59-5ED5-4615-AEF5-A02232FC50FB}.Release|x86.ActiveCfg = Release|Any CPU
		{62E8BF59-5ED5-4615-AEF5-A02232FC50FB}.Release|x86.Build.0 = Release|Any CPU
		{FD061E26-D1C6-421F-ADD7-54C20521AEC3}.Debug|Any CPU.ActiveCfg = Debug|Any CPU
		{FD061E26-D1C6-421F-ADD7-54C20521AEC3}.Debug|Any CPU.Build.0 = Debug|Any CPU
		{FD061E26-D1C6-421F-ADD7-54C20521AEC3}.Debug|x64.ActiveCfg = Debug|Any CPU
		{FD061E26-D1C6-421F-ADD7-54C20521AEC3}.Debug|x64.Build.0 = Debug|Any CPU
		{FD061E26-D1C6-421F-ADD7-54C20521AEC3}.Debug|x86.ActiveCfg = Debug|Any CPU
		{FD061E26-D1C6-421F-ADD7-54C20521AEC3}.Debug|x86.Build.0 = Debug|Any CPU
		{FD061E26-D1C6-421F-ADD7-54C20521AEC3}.Release|Any CPU.ActiveCfg = Release|Any CPU
		{FD061E26-D1C6-421F-ADD7-54C20521AEC3}.Release|Any CPU.Build.0 = Release|Any CPU
		{FD061E26-D1C6-421F-ADD7-54C20521AEC3}.Release|x64.ActiveCfg = Release|Any CPU
		{FD061E26-D1C6-421F-ADD7-54C20521AEC3}.Release|x64.Build.0 = Release|Any CPU
		{FD061E26-D1C6-421F-ADD7-54C20521AEC3}.Release|x86.ActiveCfg = Release|Any CPU
		{FD061E26-D1C6-421F-ADD7-54C20521AEC3}.Release|x86.Build.0 = Release|Any CPU
		{84F9271B-8670-4CE0-8D93-F7327B721878}.Debug|Any CPU.ActiveCfg = Debug|Any CPU
		{84F9271B-8670-4CE0-8D93-F7327B721878}.Debug|Any CPU.Build.0 = Debug|Any CPU
		{84F9271B-8670-4CE0-8D93-F7327B721878}.Debug|x64.ActiveCfg = Debug|Any CPU
		{84F9271B-8670-4CE0-8D93-F7327B721878}.Debug|x64.Build.0 = Debug|Any CPU
		{84F9271B-8670-4CE0-8D93-F7327B721878}.Debug|x86.ActiveCfg = Debug|Any CPU
		{84F9271B-8670-4CE0-8D93-F7327B721878}.Debug|x86.Build.0 = Debug|Any CPU
		{84F9271B-8670-4CE0-8D93-F7327B721878}.Release|Any CPU.ActiveCfg = Release|Any CPU
		{84F9271B-8670-4CE0-8D93-F7327B721878}.Release|Any CPU.Build.0 = Release|Any CPU
		{84F9271B-8670-4CE0-8D93-F7327B721878}.Release|x64.ActiveCfg = Release|Any CPU
		{84F9271B-8670-4CE0-8D93-F7327B721878}.Release|x64.Build.0 = Release|Any CPU
		{84F9271B-8670-4CE0-8D93-F7327B721878}.Release|x86.ActiveCfg = Release|Any CPU
		{84F9271B-8670-4CE0-8D93-F7327B721878}.Release|x86.Build.0 = Release|Any CPU
		{990AC309-5AA6-49F6-AB0E-0EE382BA6BB6}.Debug|Any CPU.ActiveCfg = Debug|Any CPU
		{990AC309-5AA6-49F6-AB0E-0EE382BA6BB6}.Debug|Any CPU.Build.0 = Debug|Any CPU
		{990AC309-5AA6-49F6-AB0E-0EE382BA6BB6}.Debug|x64.ActiveCfg = Debug|Any CPU
		{990AC309-5AA6-49F6-AB0E-0EE382BA6BB6}.Debug|x64.Build.0 = Debug|Any CPU
		{990AC309-5AA6-49F6-AB0E-0EE382BA6BB6}.Debug|x86.ActiveCfg = Debug|Any CPU
		{990AC309-5AA6-49F6-AB0E-0EE382BA6BB6}.Debug|x86.Build.0 = Debug|Any CPU
		{990AC309-5AA6-49F6-AB0E-0EE382BA6BB6}.Release|Any CPU.ActiveCfg = Release|Any CPU
		{990AC309-5AA6-49F6-AB0E-0EE382BA6BB6}.Release|Any CPU.Build.0 = Release|Any CPU
		{990AC309-5AA6-49F6-AB0E-0EE382BA6BB6}.Release|x64.ActiveCfg = Release|Any CPU
		{990AC309-5AA6-49F6-AB0E-0EE382BA6BB6}.Release|x64.Build.0 = Release|Any CPU
		{990AC309-5AA6-49F6-AB0E-0EE382BA6BB6}.Release|x86.ActiveCfg = Release|Any CPU
		{990AC309-5AA6-49F6-AB0E-0EE382BA6BB6}.Release|x86.Build.0 = Release|Any CPU
		{368BC4A2-AC2C-4761-A19B-570A9E0B1360}.Debug|Any CPU.ActiveCfg = Debug|Any CPU
		{368BC4A2-AC2C-4761-A19B-570A9E0B1360}.Debug|Any CPU.Build.0 = Debug|Any CPU
		{368BC4A2-AC2C-4761-A19B-570A9E0B1360}.Debug|x64.ActiveCfg = Debug|Any CPU
		{368BC4A2-AC2C-4761-A19B-570A9E0B1360}.Debug|x64.Build.0 = Debug|Any CPU
		{368BC4A2-AC2C-4761-A19B-570A9E0B1360}.Debug|x86.ActiveCfg = Debug|Any CPU
		{368BC4A2-AC2C-4761-A19B-570A9E0B1360}.Debug|x86.Build.0 = Debug|Any CPU
		{368BC4A2-AC2C-4761-A19B-570A9E0B1360}.Release|Any CPU.ActiveCfg = Release|Any CPU
		{368BC4A2-AC2C-4761-A19B-570A9E0B1360}.Release|Any CPU.Build.0 = Release|Any CPU
		{368BC4A2-AC2C-4761-A19B-570A9E0B1360}.Release|x64.ActiveCfg = Release|Any CPU
		{368BC4A2-AC2C-4761-A19B-570A9E0B1360}.Release|x64.Build.0 = Release|Any CPU
		{368BC4A2-AC2C-4761-A19B-570A9E0B1360}.Release|x86.ActiveCfg = Release|Any CPU
		{368BC4A2-AC2C-4761-A19B-570A9E0B1360}.Release|x86.Build.0 = Release|Any CPU
		{B6BCCE63-F9B7-4146-8B08-E868D863F234}.Debug|Any CPU.ActiveCfg = Debug|Any CPU
		{B6BCCE63-F9B7-4146-8B08-E868D863F234}.Debug|Any CPU.Build.0 = Debug|Any CPU
		{B6BCCE63-F9B7-4146-8B08-E868D863F234}.Debug|x64.ActiveCfg = Debug|Any CPU
		{B6BCCE63-F9B7-4146-8B08-E868D863F234}.Debug|x64.Build.0 = Debug|Any CPU
		{B6BCCE63-F9B7-4146-8B08-E868D863F234}.Debug|x86.ActiveCfg = Debug|Any CPU
		{B6BCCE63-F9B7-4146-8B08-E868D863F234}.Debug|x86.Build.0 = Debug|Any CPU
		{B6BCCE63-F9B7-4146-8B08-E868D863F234}.Release|Any CPU.ActiveCfg = Release|Any CPU
		{B6BCCE63-F9B7-4146-8B08-E868D863F234}.Release|Any CPU.Build.0 = Release|Any CPU
		{B6BCCE63-F9B7-4146-8B08-E868D863F234}.Release|x64.ActiveCfg = Release|Any CPU
		{B6BCCE63-F9B7-4146-8B08-E868D863F234}.Release|x64.Build.0 = Release|Any CPU
		{B6BCCE63-F9B7-4146-8B08-E868D863F234}.Release|x86.ActiveCfg = Release|Any CPU
		{B6BCCE63-F9B7-4146-8B08-E868D863F234}.Release|x86.Build.0 = Release|Any CPU
		{C572C586-7F9A-40DA-A562-4534D880DD54}.Debug|Any CPU.ActiveCfg = Debug|Any CPU
		{C572C586-7F9A-40DA-A562-4534D880DD54}.Debug|Any CPU.Build.0 = Debug|Any CPU
		{C572C586-7F9A-40DA-A562-4534D880DD54}.Debug|x64.ActiveCfg = Debug|Any CPU
		{C572C586-7F9A-40DA-A562-4534D880DD54}.Debug|x64.Build.0 = Debug|Any CPU
		{C572C586-7F9A-40DA-A562-4534D880DD54}.Debug|x86.ActiveCfg = Debug|Any CPU
		{C572C586-7F9A-40DA-A562-4534D880DD54}.Debug|x86.Build.0 = Debug|Any CPU
		{C572C586-7F9A-40DA-A562-4534D880DD54}.Release|Any CPU.ActiveCfg = Release|Any CPU
		{C572C586-7F9A-40DA-A562-4534D880DD54}.Release|Any CPU.Build.0 = Release|Any CPU
		{C572C586-7F9A-40DA-A562-4534D880DD54}.Release|x64.ActiveCfg = Release|Any CPU
		{C572C586-7F9A-40DA-A562-4534D880DD54}.Release|x64.Build.0 = Release|Any CPU
		{C572C586-7F9A-40DA-A562-4534D880DD54}.Release|x86.ActiveCfg = Release|Any CPU
		{C572C586-7F9A-40DA-A562-4534D880DD54}.Release|x86.Build.0 = Release|Any CPU
		{1A053F22-C226-44DB-854D-9A684EDEEA3A}.Debug|Any CPU.ActiveCfg = Debug|Any CPU
		{1A053F22-C226-44DB-854D-9A684EDEEA3A}.Debug|Any CPU.Build.0 = Debug|Any CPU
		{1A053F22-C226-44DB-854D-9A684EDEEA3A}.Debug|x64.ActiveCfg = Debug|Any CPU
		{1A053F22-C226-44DB-854D-9A684EDEEA3A}.Debug|x64.Build.0 = Debug|Any CPU
		{1A053F22-C226-44DB-854D-9A684EDEEA3A}.Debug|x86.ActiveCfg = Debug|Any CPU
		{1A053F22-C226-44DB-854D-9A684EDEEA3A}.Debug|x86.Build.0 = Debug|Any CPU
		{1A053F22-C226-44DB-854D-9A684EDEEA3A}.Release|Any CPU.ActiveCfg = Release|Any CPU
		{1A053F22-C226-44DB-854D-9A684EDEEA3A}.Release|Any CPU.Build.0 = Release|Any CPU
		{1A053F22-C226-44DB-854D-9A684EDEEA3A}.Release|x64.ActiveCfg = Release|Any CPU
		{1A053F22-C226-44DB-854D-9A684EDEEA3A}.Release|x64.Build.0 = Release|Any CPU
		{1A053F22-C226-44DB-854D-9A684EDEEA3A}.Release|x86.ActiveCfg = Release|Any CPU
		{1A053F22-C226-44DB-854D-9A684EDEEA3A}.Release|x86.Build.0 = Release|Any CPU
		{85EE01DA-A88F-471B-B574-45FF5DF15C0F}.Debug|Any CPU.ActiveCfg = Debug|Any CPU
		{85EE01DA-A88F-471B-B574-45FF5DF15C0F}.Debug|Any CPU.Build.0 = Debug|Any CPU
		{85EE01DA-A88F-471B-B574-45FF5DF15C0F}.Debug|x64.ActiveCfg = Debug|Any CPU
		{85EE01DA-A88F-471B-B574-45FF5DF15C0F}.Debug|x64.Build.0 = Debug|Any CPU
		{85EE01DA-A88F-471B-B574-45FF5DF15C0F}.Debug|x86.ActiveCfg = Debug|Any CPU
		{85EE01DA-A88F-471B-B574-45FF5DF15C0F}.Debug|x86.Build.0 = Debug|Any CPU
		{85EE01DA-A88F-471B-B574-45FF5DF15C0F}.Release|Any CPU.ActiveCfg = Release|Any CPU
		{85EE01DA-A88F-471B-B574-45FF5DF15C0F}.Release|Any CPU.Build.0 = Release|Any CPU
		{85EE01DA-A88F-471B-B574-45FF5DF15C0F}.Release|x64.ActiveCfg = Release|Any CPU
		{85EE01DA-A88F-471B-B574-45FF5DF15C0F}.Release|x64.Build.0 = Release|Any CPU
		{85EE01DA-A88F-471B-B574-45FF5DF15C0F}.Release|x86.ActiveCfg = Release|Any CPU
		{85EE01DA-A88F-471B-B574-45FF5DF15C0F}.Release|x86.Build.0 = Release|Any CPU
		{81D67C0D-560D-47B3-A1CA-7C0CCC482B07}.Debug|Any CPU.ActiveCfg = Debug|Any CPU
		{81D67C0D-560D-47B3-A1CA-7C0CCC482B07}.Debug|Any CPU.Build.0 = Debug|Any CPU
		{81D67C0D-560D-47B3-A1CA-7C0CCC482B07}.Debug|x64.ActiveCfg = Debug|Any CPU
		{81D67C0D-560D-47B3-A1CA-7C0CCC482B07}.Debug|x64.Build.0 = Debug|Any CPU
		{81D67C0D-560D-47B3-A1CA-7C0CCC482B07}.Debug|x86.ActiveCfg = Debug|Any CPU
		{81D67C0D-560D-47B3-A1CA-7C0CCC482B07}.Debug|x86.Build.0 = Debug|Any CPU
		{81D67C0D-560D-47B3-A1CA-7C0CCC482B07}.Release|Any CPU.ActiveCfg = Release|Any CPU
		{81D67C0D-560D-47B3-A1CA-7C0CCC482B07}.Release|Any CPU.Build.0 = Release|Any CPU
		{81D67C0D-560D-47B3-A1CA-7C0CCC482B07}.Release|x64.ActiveCfg = Release|Any CPU
		{81D67C0D-560D-47B3-A1CA-7C0CCC482B07}.Release|x64.Build.0 = Release|Any CPU
		{81D67C0D-560D-47B3-A1CA-7C0CCC482B07}.Release|x86.ActiveCfg = Release|Any CPU
		{81D67C0D-560D-47B3-A1CA-7C0CCC482B07}.Release|x86.Build.0 = Release|Any CPU
		{610EB7F9-339B-463D-8224-8E9791A76D04}.Debug|Any CPU.ActiveCfg = Debug|Any CPU
		{610EB7F9-339B-463D-8224-8E9791A76D04}.Debug|Any CPU.Build.0 = Debug|Any CPU
		{610EB7F9-339B-463D-8224-8E9791A76D04}.Debug|x64.ActiveCfg = Debug|Any CPU
		{610EB7F9-339B-463D-8224-8E9791A76D04}.Debug|x64.Build.0 = Debug|Any CPU
		{610EB7F9-339B-463D-8224-8E9791A76D04}.Debug|x86.ActiveCfg = Debug|Any CPU
		{610EB7F9-339B-463D-8224-8E9791A76D04}.Debug|x86.Build.0 = Debug|Any CPU
		{610EB7F9-339B-463D-8224-8E9791A76D04}.Release|Any CPU.ActiveCfg = Release|Any CPU
		{610EB7F9-339B-463D-8224-8E9791A76D04}.Release|Any CPU.Build.0 = Release|Any CPU
		{610EB7F9-339B-463D-8224-8E9791A76D04}.Release|x64.ActiveCfg = Release|Any CPU
		{610EB7F9-339B-463D-8224-8E9791A76D04}.Release|x64.Build.0 = Release|Any CPU
		{610EB7F9-339B-463D-8224-8E9791A76D04}.Release|x86.ActiveCfg = Release|Any CPU
		{610EB7F9-339B-463D-8224-8E9791A76D04}.Release|x86.Build.0 = Release|Any CPU
		{1CC8D70D-2715-4CE4-8247-6AF084A7C6E1}.Debug|Any CPU.ActiveCfg = Debug|Any CPU
		{1CC8D70D-2715-4CE4-8247-6AF084A7C6E1}.Debug|Any CPU.Build.0 = Debug|Any CPU
		{1CC8D70D-2715-4CE4-8247-6AF084A7C6E1}.Debug|x64.ActiveCfg = Debug|Any CPU
		{1CC8D70D-2715-4CE4-8247-6AF084A7C6E1}.Debug|x64.Build.0 = Debug|Any CPU
		{1CC8D70D-2715-4CE4-8247-6AF084A7C6E1}.Debug|x86.ActiveCfg = Debug|Any CPU
		{1CC8D70D-2715-4CE4-8247-6AF084A7C6E1}.Debug|x86.Build.0 = Debug|Any CPU
		{1CC8D70D-2715-4CE4-8247-6AF084A7C6E1}.Release|Any CPU.ActiveCfg = Release|Any CPU
		{1CC8D70D-2715-4CE4-8247-6AF084A7C6E1}.Release|Any CPU.Build.0 = Release|Any CPU
		{1CC8D70D-2715-4CE4-8247-6AF084A7C6E1}.Release|x64.ActiveCfg = Release|Any CPU
		{1CC8D70D-2715-4CE4-8247-6AF084A7C6E1}.Release|x64.Build.0 = Release|Any CPU
		{1CC8D70D-2715-4CE4-8247-6AF084A7C6E1}.Release|x86.ActiveCfg = Release|Any CPU
		{1CC8D70D-2715-4CE4-8247-6AF084A7C6E1}.Release|x86.Build.0 = Release|Any CPU
		{2274B1FA-88AB-41C8-A777-ABA9D042F2B1}.Debug|Any CPU.ActiveCfg = Debug|Any CPU
		{2274B1FA-88AB-41C8-A777-ABA9D042F2B1}.Debug|Any CPU.Build.0 = Debug|Any CPU
		{2274B1FA-88AB-41C8-A777-ABA9D042F2B1}.Debug|x64.ActiveCfg = Debug|Any CPU
		{2274B1FA-88AB-41C8-A777-ABA9D042F2B1}.Debug|x64.Build.0 = Debug|Any CPU
		{2274B1FA-88AB-41C8-A777-ABA9D042F2B1}.Debug|x86.ActiveCfg = Debug|Any CPU
		{2274B1FA-88AB-41C8-A777-ABA9D042F2B1}.Debug|x86.Build.0 = Debug|Any CPU
		{2274B1FA-88AB-41C8-A777-ABA9D042F2B1}.Release|Any CPU.ActiveCfg = Release|Any CPU
		{2274B1FA-88AB-41C8-A777-ABA9D042F2B1}.Release|Any CPU.Build.0 = Release|Any CPU
		{2274B1FA-88AB-41C8-A777-ABA9D042F2B1}.Release|x64.ActiveCfg = Release|Any CPU
		{2274B1FA-88AB-41C8-A777-ABA9D042F2B1}.Release|x64.Build.0 = Release|Any CPU
		{2274B1FA-88AB-41C8-A777-ABA9D042F2B1}.Release|x86.ActiveCfg = Release|Any CPU
		{2274B1FA-88AB-41C8-A777-ABA9D042F2B1}.Release|x86.Build.0 = Release|Any CPU
		{54669A5A-66B4-4303-8A1F-BB33601F931E}.Debug|Any CPU.ActiveCfg = Debug|Any CPU
		{54669A5A-66B4-4303-8A1F-BB33601F931E}.Debug|Any CPU.Build.0 = Debug|Any CPU
		{54669A5A-66B4-4303-8A1F-BB33601F931E}.Debug|x64.ActiveCfg = Debug|Any CPU
		{54669A5A-66B4-4303-8A1F-BB33601F931E}.Debug|x64.Build.0 = Debug|Any CPU
		{54669A5A-66B4-4303-8A1F-BB33601F931E}.Debug|x86.ActiveCfg = Debug|Any CPU
		{54669A5A-66B4-4303-8A1F-BB33601F931E}.Debug|x86.Build.0 = Debug|Any CPU
		{54669A5A-66B4-4303-8A1F-BB33601F931E}.Release|Any CPU.ActiveCfg = Release|Any CPU
		{54669A5A-66B4-4303-8A1F-BB33601F931E}.Release|Any CPU.Build.0 = Release|Any CPU
		{54669A5A-66B4-4303-8A1F-BB33601F931E}.Release|x64.ActiveCfg = Release|Any CPU
		{54669A5A-66B4-4303-8A1F-BB33601F931E}.Release|x64.Build.0 = Release|Any CPU
		{54669A5A-66B4-4303-8A1F-BB33601F931E}.Release|x86.ActiveCfg = Release|Any CPU
		{54669A5A-66B4-4303-8A1F-BB33601F931E}.Release|x86.Build.0 = Release|Any CPU
		{1CE5A806-9E4C-4388-B3F5-94E78BD84CE5}.Debug|Any CPU.ActiveCfg = Debug|Any CPU
		{1CE5A806-9E4C-4388-B3F5-94E78BD84CE5}.Debug|Any CPU.Build.0 = Debug|Any CPU
		{1CE5A806-9E4C-4388-B3F5-94E78BD84CE5}.Debug|x64.ActiveCfg = Debug|Any CPU
		{1CE5A806-9E4C-4388-B3F5-94E78BD84CE5}.Debug|x64.Build.0 = Debug|Any CPU
		{1CE5A806-9E4C-4388-B3F5-94E78BD84CE5}.Debug|x86.ActiveCfg = Debug|Any CPU
		{1CE5A806-9E4C-4388-B3F5-94E78BD84CE5}.Debug|x86.Build.0 = Debug|Any CPU
		{1CE5A806-9E4C-4388-B3F5-94E78BD84CE5}.Release|Any CPU.ActiveCfg = Release|Any CPU
		{1CE5A806-9E4C-4388-B3F5-94E78BD84CE5}.Release|Any CPU.Build.0 = Release|Any CPU
		{1CE5A806-9E4C-4388-B3F5-94E78BD84CE5}.Release|x64.ActiveCfg = Release|Any CPU
		{1CE5A806-9E4C-4388-B3F5-94E78BD84CE5}.Release|x64.Build.0 = Release|Any CPU
		{1CE5A806-9E4C-4388-B3F5-94E78BD84CE5}.Release|x86.ActiveCfg = Release|Any CPU
		{1CE5A806-9E4C-4388-B3F5-94E78BD84CE5}.Release|x86.Build.0 = Release|Any CPU
		{F1AF32DA-0B2C-4950-809F-AF4E1B47853D}.Debug|Any CPU.ActiveCfg = Debug|Any CPU
		{F1AF32DA-0B2C-4950-809F-AF4E1B47853D}.Debug|Any CPU.Build.0 = Debug|Any CPU
		{F1AF32DA-0B2C-4950-809F-AF4E1B47853D}.Debug|x64.ActiveCfg = Debug|Any CPU
		{F1AF32DA-0B2C-4950-809F-AF4E1B47853D}.Debug|x64.Build.0 = Debug|Any CPU
		{F1AF32DA-0B2C-4950-809F-AF4E1B47853D}.Debug|x86.ActiveCfg = Debug|Any CPU
		{F1AF32DA-0B2C-4950-809F-AF4E1B47853D}.Debug|x86.Build.0 = Debug|Any CPU
		{F1AF32DA-0B2C-4950-809F-AF4E1B47853D}.Release|Any CPU.ActiveCfg = Release|Any CPU
		{F1AF32DA-0B2C-4950-809F-AF4E1B47853D}.Release|Any CPU.Build.0 = Release|Any CPU
		{F1AF32DA-0B2C-4950-809F-AF4E1B47853D}.Release|x64.ActiveCfg = Release|Any CPU
		{F1AF32DA-0B2C-4950-809F-AF4E1B47853D}.Release|x64.Build.0 = Release|Any CPU
		{F1AF32DA-0B2C-4950-809F-AF4E1B47853D}.Release|x86.ActiveCfg = Release|Any CPU
		{F1AF32DA-0B2C-4950-809F-AF4E1B47853D}.Release|x86.Build.0 = Release|Any CPU
		{F8A6411A-B965-4875-A4CD-E924136EA0CE}.Debug|Any CPU.ActiveCfg = Debug|Any CPU
		{F8A6411A-B965-4875-A4CD-E924136EA0CE}.Debug|Any CPU.Build.0 = Debug|Any CPU
		{F8A6411A-B965-4875-A4CD-E924136EA0CE}.Debug|x64.ActiveCfg = Debug|Any CPU
		{F8A6411A-B965-4875-A4CD-E924136EA0CE}.Debug|x64.Build.0 = Debug|Any CPU
		{F8A6411A-B965-4875-A4CD-E924136EA0CE}.Debug|x86.ActiveCfg = Debug|Any CPU
		{F8A6411A-B965-4875-A4CD-E924136EA0CE}.Debug|x86.Build.0 = Debug|Any CPU
		{F8A6411A-B965-4875-A4CD-E924136EA0CE}.Release|Any CPU.ActiveCfg = Release|Any CPU
		{F8A6411A-B965-4875-A4CD-E924136EA0CE}.Release|Any CPU.Build.0 = Release|Any CPU
		{F8A6411A-B965-4875-A4CD-E924136EA0CE}.Release|x64.ActiveCfg = Release|Any CPU
		{F8A6411A-B965-4875-A4CD-E924136EA0CE}.Release|x64.Build.0 = Release|Any CPU
		{F8A6411A-B965-4875-A4CD-E924136EA0CE}.Release|x86.ActiveCfg = Release|Any CPU
		{F8A6411A-B965-4875-A4CD-E924136EA0CE}.Release|x86.Build.0 = Release|Any CPU
		{432112AB-E5C3-4481-9150-3C02DEAEAFE8}.Debug|Any CPU.ActiveCfg = Debug|Win32
		{432112AB-E5C3-4481-9150-3C02DEAEAFE8}.Debug|Any CPU.Build.0 = Debug|Win32
		{432112AB-E5C3-4481-9150-3C02DEAEAFE8}.Debug|x64.ActiveCfg = Debug|x64
		{432112AB-E5C3-4481-9150-3C02DEAEAFE8}.Debug|x64.Build.0 = Debug|x64
		{432112AB-E5C3-4481-9150-3C02DEAEAFE8}.Debug|x86.ActiveCfg = Debug|Win32
		{432112AB-E5C3-4481-9150-3C02DEAEAFE8}.Debug|x86.Build.0 = Debug|Win32
		{432112AB-E5C3-4481-9150-3C02DEAEAFE8}.Release|Any CPU.ActiveCfg = Release|Win32
		{432112AB-E5C3-4481-9150-3C02DEAEAFE8}.Release|x64.ActiveCfg = Release|x64
		{432112AB-E5C3-4481-9150-3C02DEAEAFE8}.Release|x64.Build.0 = Release|x64
		{432112AB-E5C3-4481-9150-3C02DEAEAFE8}.Release|x86.ActiveCfg = Release|Win32
		{432112AB-E5C3-4481-9150-3C02DEAEAFE8}.Release|x86.Build.0 = Release|Win32
	EndGlobalSection
	GlobalSection(SolutionProperties) = preSolution
		HideSolutionNode = FALSE
	EndGlobalSection
	GlobalSection(NestedProjects) = preSolution
		{78D31368-C759-4CE1-A4DC-BF4D260441AD} = {B59DAF0A-A4CD-48FD-85D6-49FE52598503}
		{E669A4CC-1A0A-4E45-928F-832A07DA67F0} = {78D31368-C759-4CE1-A4DC-BF4D260441AD}
		{644E30D4-22BC-49D3-A236-7750968BC607} = {78D31368-C759-4CE1-A4DC-BF4D260441AD}
		{50AE53CE-6343-46A4-AB28-E0E506618D52} = {78D31368-C759-4CE1-A4DC-BF4D260441AD}
		{7BB2CFD5-B01B-4C37-A538-76F7777E5C70} = {B59DAF0A-A4CD-48FD-85D6-49FE52598503}
		{758D5BA3-F328-4133-92BF-404FFD810986} = {7BB2CFD5-B01B-4C37-A538-76F7777E5C70}
		{595DEC23-E8B4-464C-9CD5-A63C2A9E9147} = {55B7E810-E8EC-4E73-BE81-4B0D7A2BD6EE}
		{3DE8F185-9F64-4177-BBEC-509B98218C07} = {B59DAF0A-A4CD-48FD-85D6-49FE52598503}
		{3F16BD44-FA49-43A4-86C5-224B540878FE} = {3DE8F185-9F64-4177-BBEC-509B98218C07}
		{CC2DBABE-8D85-4E64-A056-BB9801464C2B} = {3DE8F185-9F64-4177-BBEC-509B98218C07}
		{1C0C4AB5-8950-4277-82C3-0589E8890454} = {595DEC23-E8B4-464C-9CD5-A63C2A9E9147}
		{62E8BF59-5ED5-4615-AEF5-A02232FC50FB} = {A8C897FA-141C-4267-A18E-2BB0FBB36385}
		{FD061E26-D1C6-421F-ADD7-54C20521AEC3} = {A8C897FA-141C-4267-A18E-2BB0FBB36385}
		{84F9271B-8670-4CE0-8D93-F7327B721878} = {A8C897FA-141C-4267-A18E-2BB0FBB36385}
		{963E5A7D-5C41-4096-B233-46B17D5A83AD} = {B59DAF0A-A4CD-48FD-85D6-49FE52598503}
		{990AC309-5AA6-49F6-AB0E-0EE382BA6BB6} = {E3364B62-7C65-4ED4-AC18-10CC1A197DB4}
		{368BC4A2-AC2C-4761-A19B-570A9E0B1360} = {E3364B62-7C65-4ED4-AC18-10CC1A197DB4}
		{B6BCCE63-F9B7-4146-8B08-E868D863F234} = {E3364B62-7C65-4ED4-AC18-10CC1A197DB4}
		{1AAADC47-DCBA-4080-A082-8F3207E39FE1} = {B59DAF0A-A4CD-48FD-85D6-49FE52598503}
		{C572C586-7F9A-40DA-A562-4534D880DD54} = {1AAADC47-DCBA-4080-A082-8F3207E39FE1}
		{1A053F22-C226-44DB-854D-9A684EDEEA3A} = {55B7E810-E8EC-4E73-BE81-4B0D7A2BD6EE}
		{85EE01DA-A88F-471B-B574-45FF5DF15C0F} = {963E5A7D-5C41-4096-B233-46B17D5A83AD}
		{CD6755D8-8E42-48FC-A24B-1FAEE52FEF63} = {B59DAF0A-A4CD-48FD-85D6-49FE52598503}
		{81D67C0D-560D-47B3-A1CA-7C0CCC482B07} = {CD6755D8-8E42-48FC-A24B-1FAEE52FEF63}
		{610EB7F9-339B-463D-8224-8E9791A76D04} = {E3364B62-7C65-4ED4-AC18-10CC1A197DB4}
		{D7FF0C70-D043-4DFB-A949-814FB00C21D2} = {B59DAF0A-A4CD-48FD-85D6-49FE52598503}
		{1CC8D70D-2715-4CE4-8247-6AF084A7C6E1} = {D7FF0C70-D043-4DFB-A949-814FB00C21D2}
		{553E4B70-10E9-4E93-ACCD-CD3E40F41C90} = {B59DAF0A-A4CD-48FD-85D6-49FE52598503}
		{2274B1FA-88AB-41C8-A777-ABA9D042F2B1} = {553E4B70-10E9-4E93-ACCD-CD3E40F41C90}
		{2D8D1768-EA8B-456C-A53E-F39C572D649B} = {B59DAF0A-A4CD-48FD-85D6-49FE52598503}
		{54669A5A-66B4-4303-8A1F-BB33601F931E} = {2D8D1768-EA8B-456C-A53E-F39C572D649B}
		{EDC57D7D-D0AA-40C5-ADEF-AE2A18F7CC15} = {B59DAF0A-A4CD-48FD-85D6-49FE52598503}
		{1CE5A806-9E4C-4388-B3F5-94E78BD84CE5} = {EDC57D7D-D0AA-40C5-ADEF-AE2A18F7CC15}
		{F1AF32DA-0B2C-4950-809F-AF4E1B47853D} = {EDC57D7D-D0AA-40C5-ADEF-AE2A18F7CC15}
		{92F14129-051E-476B-AFF7-F9F5D53F693E} = {B59DAF0A-A4CD-48FD-85D6-49FE52598503}
		{F8A6411A-B965-4875-A4CD-E924136EA0CE} = {92F14129-051E-476B-AFF7-F9F5D53F693E}
		{432112AB-E5C3-4481-9150-3C02DEAEAFE8} = {55B7E810-E8EC-4E73-BE81-4B0D7A2BD6EE}
	EndGlobalSection
	GlobalSection(ExtensibilityGlobals) = postSolution
		SolutionGuid = {73529178-BDA4-49C9-9706-843BEBB6B398}
	EndGlobalSection
EndGlobal
