
Microsoft Visual Studio Solution File, Format Version 12.00
# Visual Studio 15
VisualStudioVersion = 15.0.28307.1209
MinimumVisualStudioVersion = 10.0.40219.1
Project("{FAE04EC0-301F-11D3-BF4B-00C04F79EFBC}") = "MyAPP", "MyAPP\MyAPP.csproj", "{DD7EAC07-48FE-4DA1-BDC7-AE438E6E87C7}"
EndProject
Project("{FAE04EC0-301F-11D3-BF4B-00C04F79EFBC}") = "ListAPP-WPF", "ListAPP\ListAPP-WPF.csproj", "{D60809FD-5F9A-4545-997D-A6DA3395FAD9}"
EndProject
Project("{FAE04EC0-301F-11D3-BF4B-00C04F79EFBC}") = "MyAPP-Form", "MyAPP-Form\MyAPP-Form.csproj", "{42A0586E-0893-4BE0-AC8D-188918461594}"
EndProject
Project("{8BC9CEB8-8B4A-11D0-8D11-00A0C91BC942}") = "example_win32_directx11", "imgui\examples\example_win32_directx11\example_win32_directx11.vcxproj", "{9F316E83-5AE5-4939-A723-305A94F48005}"
EndProject
Project("{FAE04EC0-301F-11D3-BF4B-00C04F79EFBC}") = "ConsoleApp1", "ConsoleApp1\ConsoleApp1.csproj", "{AAA536D4-5F61-453D-AE8E-BF0CED27B18C}"
EndProject
Global
	GlobalSection(SolutionConfigurationPlatforms) = preSolution
		Debug|Any CPU = Debug|Any CPU
		Debug|x64 = Debug|x64
		Debug|x86 = Debug|x86
		Release|Any CPU = Release|Any CPU
		Release|x64 = Release|x64
		Release|x86 = Release|x86
	EndGlobalSection
	GlobalSection(ProjectConfigurationPlatforms) = postSolution
		{DD7EAC07-48FE-4DA1-BDC7-AE438E6E87C7}.Debug|Any CPU.ActiveCfg = Debug|Any CPU
		{DD7EAC07-48FE-4DA1-BDC7-AE438E6E87C7}.Debug|Any CPU.Build.0 = Debug|Any CPU
		{DD7EAC07-48FE-4DA1-BDC7-AE438E6E87C7}.Debug|x64.ActiveCfg = Debug|Any CPU
		{DD7EAC07-48FE-4DA1-BDC7-AE438E6E87C7}.Debug|x64.Build.0 = Debug|Any CPU
		{DD7EAC07-48FE-4DA1-BDC7-AE438E6E87C7}.Debug|x86.ActiveCfg = Debug|Any CPU
		{DD7EAC07-48FE-4DA1-BDC7-AE438E6E87C7}.Debug|x86.Build.0 = Debug|Any CPU
		{DD7EAC07-48FE-4DA1-BDC7-AE438E6E87C7}.Release|Any CPU.ActiveCfg = Release|Any CPU
		{DD7EAC07-48FE-4DA1-BDC7-AE438E6E87C7}.Release|Any CPU.Build.0 = Release|Any CPU
		{DD7EAC07-48FE-4DA1-BDC7-AE438E6E87C7}.Release|x64.ActiveCfg = Release|Any CPU
		{DD7EAC07-48FE-4DA1-BDC7-AE438E6E87C7}.Release|x64.Build.0 = Release|Any CPU
		{DD7EAC07-48FE-4DA1-BDC7-AE438E6E87C7}.Release|x86.ActiveCfg = Release|Any CPU
		{DD7EAC07-48FE-4DA1-BDC7-AE438E6E87C7}.Release|x86.Build.0 = Release|Any CPU
		{D60809FD-5F9A-4545-997D-A6DA3395FAD9}.Debug|Any CPU.ActiveCfg = Debug|Any CPU
		{D60809FD-5F9A-4545-997D-A6DA3395FAD9}.Debug|Any CPU.Build.0 = Debug|Any CPU
		{D60809FD-5F9A-4545-997D-A6DA3395FAD9}.Debug|x64.ActiveCfg = Debug|Any CPU
		{D60809FD-5F9A-4545-997D-A6DA3395FAD9}.Debug|x64.Build.0 = Debug|Any CPU
		{D60809FD-5F9A-4545-997D-A6DA3395FAD9}.Debug|x86.ActiveCfg = Debug|Any CPU
		{D60809FD-5F9A-4545-997D-A6DA3395FAD9}.Debug|x86.Build.0 = Debug|Any CPU
		{D60809FD-5F9A-4545-997D-A6DA3395FAD9}.Release|Any CPU.ActiveCfg = Release|Any CPU
		{D60809FD-5F9A-4545-997D-A6DA3395FAD9}.Release|Any CPU.Build.0 = Release|Any CPU
		{D60809FD-5F9A-4545-997D-A6DA3395FAD9}.Release|x64.ActiveCfg = Release|Any CPU
		{D60809FD-5F9A-4545-997D-A6DA3395FAD9}.Release|x64.Build.0 = Release|Any CPU
		{D60809FD-5F9A-4545-997D-A6DA3395FAD9}.Release|x86.ActiveCfg = Release|Any CPU
		{D60809FD-5F9A-4545-997D-A6DA3395FAD9}.Release|x86.Build.0 = Release|Any CPU
		{42A0586E-0893-4BE0-AC8D-188918461594}.Debug|Any CPU.ActiveCfg = Debug|Any CPU
		{42A0586E-0893-4BE0-AC8D-188918461594}.Debug|Any CPU.Build.0 = Debug|Any CPU
		{42A0586E-0893-4BE0-AC8D-188918461594}.Debug|x64.ActiveCfg = Debug|Any CPU
		{42A0586E-0893-4BE0-AC8D-188918461594}.Debug|x64.Build.0 = Debug|Any CPU
		{42A0586E-0893-4BE0-AC8D-188918461594}.Debug|x86.ActiveCfg = Debug|Any CPU
		{42A0586E-0893-4BE0-AC8D-188918461594}.Debug|x86.Build.0 = Debug|Any CPU
		{42A0586E-0893-4BE0-AC8D-188918461594}.Release|Any CPU.ActiveCfg = Release|Any CPU
		{42A0586E-0893-4BE0-AC8D-188918461594}.Release|Any CPU.Build.0 = Release|Any CPU
		{42A0586E-0893-4BE0-AC8D-188918461594}.Release|x64.ActiveCfg = Release|Any CPU
		{42A0586E-0893-4BE0-AC8D-188918461594}.Release|x64.Build.0 = Release|Any CPU
		{42A0586E-0893-4BE0-AC8D-188918461594}.Release|x86.ActiveCfg = Release|Any CPU
		{42A0586E-0893-4BE0-AC8D-188918461594}.Release|x86.Build.0 = Release|Any CPU
		{9F316E83-5AE5-4939-A723-305A94F48005}.Debug|Any CPU.ActiveCfg = Debug|Win32
		{9F316E83-5AE5-4939-A723-305A94F48005}.Debug|x64.ActiveCfg = Debug|x64
		{9F316E83-5AE5-4939-A723-305A94F48005}.Debug|x64.Build.0 = Debug|x64
		{9F316E83-5AE5-4939-A723-305A94F48005}.Debug|x86.ActiveCfg = Debug|Win32
		{9F316E83-5AE5-4939-A723-305A94F48005}.Debug|x86.Build.0 = Debug|Win32
		{9F316E83-5AE5-4939-A723-305A94F48005}.Release|Any CPU.ActiveCfg = Release|Win32
		{9F316E83-5AE5-4939-A723-305A94F48005}.Release|x64.ActiveCfg = Release|x64
		{9F316E83-5AE5-4939-A723-305A94F48005}.Release|x64.Build.0 = Release|x64
		{9F316E83-5AE5-4939-A723-305A94F48005}.Release|x86.ActiveCfg = Release|Win32
		{9F316E83-5AE5-4939-A723-305A94F48005}.Release|x86.Build.0 = Release|Win32
		{AAA536D4-5F61-453D-AE8E-BF0CED27B18C}.Debug|Any CPU.ActiveCfg = Debug|Any CPU
		{AAA536D4-5F61-453D-AE8E-BF0CED27B18C}.Debug|Any CPU.Build.0 = Debug|Any CPU
		{AAA536D4-5F61-453D-AE8E-BF0CED27B18C}.Debug|x64.ActiveCfg = Debug|Any CPU
		{AAA536D4-5F61-453D-AE8E-BF0CED27B18C}.Debug|x64.Build.0 = Debug|Any CPU
		{AAA536D4-5F61-453D-AE8E-BF0CED27B18C}.Debug|x86.ActiveCfg = Debug|Any CPU
		{AAA536D4-5F61-453D-AE8E-BF0CED27B18C}.Debug|x86.Build.0 = Debug|Any CPU
		{AAA536D4-5F61-453D-AE8E-BF0CED27B18C}.Release|Any CPU.ActiveCfg = Release|Any CPU
		{AAA536D4-5F61-453D-AE8E-BF0CED27B18C}.Release|Any CPU.Build.0 = Release|Any CPU
		{AAA536D4-5F61-453D-AE8E-BF0CED27B18C}.Release|x64.ActiveCfg = Release|Any CPU
		{AAA536D4-5F61-453D-AE8E-BF0CED27B18C}.Release|x64.Build.0 = Release|Any CPU
		{AAA536D4-5F61-453D-AE8E-BF0CED27B18C}.Release|x86.ActiveCfg = Release|Any CPU
		{AAA536D4-5F61-453D-AE8E-BF0CED27B18C}.Release|x86.Build.0 = Release|Any CPU
	EndGlobalSection
	GlobalSection(SolutionProperties) = preSolution
		HideSolutionNode = FALSE
	EndGlobalSection
	GlobalSection(ExtensibilityGlobals) = postSolution
		SolutionGuid = {5A564700-F6F3-418E-87A6-6BBAF8743B4D}
	EndGlobalSection
EndGlobal
