
Microsoft Visual Studio Solution File, Format Version 12.00
# Visual Studio 15
VisualStudioVersion = 15.0.28307.1145
MinimumVisualStudioVersion = 10.0.40219.1
Project("{FAE04EC0-301F-11D3-BF4B-00C04F79EFBC}") = "FormsApp1", "FormsApp1\FormsApp1.csproj", "{176E7B2A-4F5A-4A2E-821A-9D74BB968954}"
EndProject
Global
	GlobalSection(SolutionConfigurationPlatforms) = preSolution
		Debug|Any CPU = Debug|Any CPU
		Release|Any CPU = Release|Any CPU
	EndGlobalSection
	GlobalSection(ProjectConfigurationPlatforms) = postSolution
		{176E7B2A-4F5A-4A2E-821A-9D74BB968954}.Debug|Any CPU.ActiveCfg = Debug|Any CPU
		{176E7B2A-4F5A-4A2E-821A-9D74BB968954}.Debug|Any CPU.Build.0 = Debug|Any CPU
		{176E7B2A-4F5A-4A2E-821A-9D74BB968954}.Release|Any CPU.ActiveCfg = Release|Any CPU
		{176E7B2A-4F5A-4A2E-821A-9D74BB968954}.Release|Any CPU.Build.0 = Release|Any CPU
	EndGlobalSection
	GlobalSection(SolutionProperties) = preSolution
		HideSolutionNode = FALSE
	EndGlobalSection
	GlobalSection(ExtensibilityGlobals) = postSolution
		SolutionGuid = {C9B529BE-80E6-4E43-8116-55D1A496CC51}
	EndGlobalSection
EndGlobal
